// !$*UTF8*$!
{
	archiveVersion = 1;
	classes = {
	};
	objectVersion = 51;
	objects = {

/* Begin PBXBuildFile section */
		D1D345EA109C7852A208886D /* Pods_MyDYZB.framework in Frameworks */ = {isa = PBXBuildFile; fileRef = 456B702E0BA6B196E1960CB1 /* Pods_MyDYZB.framework */; };
		D41C3078255A56FB00D543E5 /* RecommendViewController.swift in Sources */ = {isa = PBXBuildFile; fileRef = D41C3077255A56FB00D543E5 /* RecommendViewController.swift */; };
		D41C3081255A742500D543E5 /* CollectionHeaderView.swift in Sources */ = {isa = PBXBuildFile; fileRef = D41C307F255A742500D543E5 /* CollectionHeaderView.swift */; };
		D41C3082255A742500D543E5 /* CollectionHeaderView.xib in Resources */ = {isa = PBXBuildFile; fileRef = D41C3080255A742500D543E5 /* CollectionHeaderView.xib */; };
		D41C3088255A79B600D543E5 /* CollectionNormalCell.swift in Sources */ = {isa = PBXBuildFile; fileRef = D41C3086255A79B600D543E5 /* CollectionNormalCell.swift */; };
		D41C3089255A79B600D543E5 /* CollectionNormalCell.xib in Resources */ = {isa = PBXBuildFile; fileRef = D41C3087255A79B600D543E5 /* CollectionNormalCell.xib */; };
		D41C308E255B597400D543E5 /* NSDate+Extension.swift in Sources */ = {isa = PBXBuildFile; fileRef = D41C308D255B597400D543E5 /* NSDate+Extension.swift */; };
		D41C3093255B674700D543E5 /* AnchorGroup.swift in Sources */ = {isa = PBXBuildFile; fileRef = D41C3092255B674700D543E5 /* AnchorGroup.swift */; };
		D41C3099255B692000D543E5 /* RecommendViewModel.swift in Sources */ = {isa = PBXBuildFile; fileRef = D41C3098255B692000D543E5 /* RecommendViewModel.swift */; };
		D41C309E255B6A4800D543E5 /* AnchorModel.swift in Sources */ = {isa = PBXBuildFile; fileRef = D41C309D255B6A4800D543E5 /* AnchorModel.swift */; };
		D41C30A4255B7E5A00D543E5 /* CollectionPrettyCell.swift in Sources */ = {isa = PBXBuildFile; fileRef = D41C30A2255B7E5A00D543E5 /* CollectionPrettyCell.swift */; };
		D41C30A5255B7E5A00D543E5 /* CollectionPrettyCell.xib in Resources */ = {isa = PBXBuildFile; fileRef = D41C30A3255B7E5A00D543E5 /* CollectionPrettyCell.xib */; };
		D41C311B255E4F6C00D543E5 /* String+Extension.swift in Sources */ = {isa = PBXBuildFile; fileRef = D41C311A255E4F6C00D543E5 /* String+Extension.swift */; };
		D41C3120255E5BAA00D543E5 /* EWKeychain.swift in Sources */ = {isa = PBXBuildFile; fileRef = D41C311F255E5BAA00D543E5 /* EWKeychain.swift */; };
		D41C3125255E633000D543E5 /* EWNetworkTools.swift in Sources */ = {isa = PBXBuildFile; fileRef = D41C3124255E633000D543E5 /* EWNetworkTools.swift */; };
		D41C31312560B44400D543E5 /* EWRequest.swift in Sources */ = {isa = PBXBuildFile; fileRef = D41C31302560B44400D543E5 /* EWRequest.swift */; };
		D41C3141256138DB00D543E5 /* CollectionBaseCell.swift in Sources */ = {isa = PBXBuildFile; fileRef = D41C3140256138DB00D543E5 /* CollectionBaseCell.swift */; };
		D41C31462561500400D543E5 /* RecommendCycleView.swift in Sources */ = {isa = PBXBuildFile; fileRef = D41C31452561500400D543E5 /* RecommendCycleView.swift */; };
		D41C314B2561505700D543E5 /* RecommendCycleView.xib in Resources */ = {isa = PBXBuildFile; fileRef = D41C314A2561505700D543E5 /* RecommendCycleView.xib */; };
		D41C31502562054200D543E5 /* CycleModel.swift in Sources */ = {isa = PBXBuildFile; fileRef = D41C314F2562054200D543E5 /* CycleModel.swift */; };
		D41C315625620D8100D543E5 /* CollectionCycleCell.swift in Sources */ = {isa = PBXBuildFile; fileRef = D41C315425620D8100D543E5 /* CollectionCycleCell.swift */; };
		D41C315725620D8100D543E5 /* CollectionCycleCell.xib in Resources */ = {isa = PBXBuildFile; fileRef = D41C315525620D8100D543E5 /* CollectionCycleCell.xib */; };
		D41C315C25622E8E00D543E5 /* RecommendGameView.swift in Sources */ = {isa = PBXBuildFile; fileRef = D41C315B25622E8E00D543E5 /* RecommendGameView.swift */; };
		D41C316125622EA500D543E5 /* RecommendGameView.xib in Resources */ = {isa = PBXBuildFile; fileRef = D41C316025622EA500D543E5 /* RecommendGameView.xib */; };
		D41C31672562407800D543E5 /* CollectionGameCell.swift in Sources */ = {isa = PBXBuildFile; fileRef = D41C31652562407800D543E5 /* CollectionGameCell.swift */; };
		D41C31682562407800D543E5 /* CollectionGameCell.xib in Resources */ = {isa = PBXBuildFile; fileRef = D41C31662562407800D543E5 /* CollectionGameCell.xib */; };
		D41C316D256272EB00D543E5 /* GameViewController.swift in Sources */ = {isa = PBXBuildFile; fileRef = D41C316C256272EB00D543E5 /* GameViewController.swift */; };
		D41C317225628CD100D543E5 /* GameViewModel.swift in Sources */ = {isa = PBXBuildFile; fileRef = D41C317125628CD100D543E5 /* GameViewModel.swift */; };
		D41C317725629D4E00D543E5 /* GameModel.swift in Sources */ = {isa = PBXBuildFile; fileRef = D41C317625629D4E00D543E5 /* GameModel.swift */; };
		D41C317C25629FC800D543E5 /* BaseGameModel.swift in Sources */ = {isa = PBXBuildFile; fileRef = D41C317B25629FC800D543E5 /* BaseGameModel.swift */; };
		D41C318C25636A2700D543E5 /* AmuseViewController.swift in Sources */ = {isa = PBXBuildFile; fileRef = D41C318B25636A2700D543E5 /* AmuseViewController.swift */; };
		D41C31912563712D00D543E5 /* AmuseViewModel.swift in Sources */ = {isa = PBXBuildFile; fileRef = D41C31902563712D00D543E5 /* AmuseViewModel.swift */; };
		D41C319725637B2800D543E5 /* BaseViewModel.swift in Sources */ = {isa = PBXBuildFile; fileRef = D41C319625637B2800D543E5 /* BaseViewModel.swift */; };
		D41C31A12563AE5C00D543E5 /* AmuseMenuView.swift in Sources */ = {isa = PBXBuildFile; fileRef = D41C31A02563AE5C00D543E5 /* AmuseMenuView.swift */; };
		D41C31A62563AEF600D543E5 /* AmuseMenuView.xib in Resources */ = {isa = PBXBuildFile; fileRef = D41C31A52563AEF600D543E5 /* AmuseMenuView.xib */; };
		D41C31B82563BAA100D543E5 /* BaseAnchorViewController.swift in Sources */ = {isa = PBXBuildFile; fileRef = D41C319B25637E5600D543E5 /* BaseAnchorViewController.swift */; };
		D47714962545869600155526 /* AppDelegate.swift in Sources */ = {isa = PBXBuildFile; fileRef = D47714952545869600155526 /* AppDelegate.swift */; };
		D47714982545869600155526 /* SceneDelegate.swift in Sources */ = {isa = PBXBuildFile; fileRef = D47714972545869600155526 /* SceneDelegate.swift */; };
		D477149F2545869900155526 /* Assets.xcassets in Resources */ = {isa = PBXBuildFile; fileRef = D477149E2545869900155526 /* Assets.xcassets */; };
		D47714A22545869900155526 /* LaunchScreen.storyboard in Resources */ = {isa = PBXBuildFile; fileRef = D47714A02545869900155526 /* LaunchScreen.storyboard */; };
		D47714AD2545869900155526 /* MyDYZBTests.swift in Sources */ = {isa = PBXBuildFile; fileRef = D47714AC2545869900155526 /* MyDYZBTests.swift */; };
		D47714B82545869900155526 /* MyDYZBUITests.swift in Sources */ = {isa = PBXBuildFile; fileRef = D47714B72545869900155526 /* MyDYZBUITests.swift */; };
		D477151C2545AADA00155526 /* MainTabBarController.swift in Sources */ = {isa = PBXBuildFile; fileRef = D47715192545AADA00155526 /* MainTabBarController.swift */; };
		D477153A2545AC0000155526 /* Main.storyboard in Resources */ = {isa = PBXBuildFile; fileRef = D47715382545AC0000155526 /* Main.storyboard */; };
		D47715492545AD5E00155526 /* Home.storyboard in Resources */ = {isa = PBXBuildFile; fileRef = D47715472545AD5E00155526 /* Home.storyboard */; };
		D47715792545AF9700155526 /* Profile.storyboard in Resources */ = {isa = PBXBuildFile; fileRef = D47715772545AF9700155526 /* Profile.storyboard */; };
		D477157E2545B1C100155526 /* HomeViewController.swift in Sources */ = {isa = PBXBuildFile; fileRef = D477157D2545B1C100155526 /* HomeViewController.swift */; };
		D477158B2545B2A100155526 /* Live.storyboard in Resources */ = {isa = PBXBuildFile; fileRef = D47715892545B2A100155526 /* Live.storyboard */; };
		D47715902545B2BB00155526 /* LiveViewController.swift in Sources */ = {isa = PBXBuildFile; fileRef = D477158F2545B2BB00155526 /* LiveViewController.swift */; };
		D47715982545B32C00155526 /* FollowViewController.swift in Sources */ = {isa = PBXBuildFile; fileRef = D47715972545B32C00155526 /* FollowViewController.swift */; };
		D47715A02545B34700155526 /* ProfileViewController.swift in Sources */ = {isa = PBXBuildFile; fileRef = D477159F2545B34700155526 /* ProfileViewController.swift */; };
		D47715A62545B3E300155526 /* Follow.storyboard in Resources */ = {isa = PBXBuildFile; fileRef = D47715A42545B3E200155526 /* Follow.storyboard */; };
		D47715AC2545BE4D00155526 /* UIBarButton+Extension.swift in Sources */ = {isa = PBXBuildFile; fileRef = D47715AB2545BE4D00155526 /* UIBarButton+Extension.swift */; };
		D4F48D4325503C6800CA9DB0 /* PageTitleView.swift in Sources */ = {isa = PBXBuildFile; fileRef = D4F48D4225503C6800CA9DB0 /* PageTitleView.swift */; };
		D4F48D4825503F6400CA9DB0 /* Common.swift in Sources */ = {isa = PBXBuildFile; fileRef = D4F48D4725503F6400CA9DB0 /* Common.swift */; };
		D4F48D4D2551735100CA9DB0 /* PageContentView.swift in Sources */ = {isa = PBXBuildFile; fileRef = D4F48D4C2551735100CA9DB0 /* PageContentView.swift */; };
		D4F48D52255176C900CA9DB0 /* UIColor+Extension.swift in Sources */ = {isa = PBXBuildFile; fileRef = D4F48D51255176C900CA9DB0 /* UIColor+Extension.swift */; };
/* End PBXBuildFile section */

/* Begin PBXContainerItemProxy section */
		D47714A92545869900155526 /* PBXContainerItemProxy */ = {
			isa = PBXContainerItemProxy;
			containerPortal = D477148A2545869600155526 /* Project object */;
			proxyType = 1;
			remoteGlobalIDString = D47714912545869600155526;
			remoteInfo = MyDYZB;
		};
		D47714B42545869900155526 /* PBXContainerItemProxy */ = {
			isa = PBXContainerItemProxy;
			containerPortal = D477148A2545869600155526 /* Project object */;
			proxyType = 1;
			remoteGlobalIDString = D47714912545869600155526;
			remoteInfo = MyDYZB;
		};
/* End PBXContainerItemProxy section */

/* Begin PBXFileReference section */
		456B702E0BA6B196E1960CB1 /* Pods_MyDYZB.framework */ = {isa = PBXFileReference; explicitFileType = wrapper.framework; includeInIndex = 0; path = Pods_MyDYZB.framework; sourceTree = BUILT_PRODUCTS_DIR; };
		4B73C925C34C61BD853AEA4B /* Pods-MyDYZB.debug.xcconfig */ = {isa = PBXFileReference; includeInIndex = 1; lastKnownFileType = text.xcconfig; name = "Pods-MyDYZB.debug.xcconfig"; path = "Target Support Files/Pods-MyDYZB/Pods-MyDYZB.debug.xcconfig"; sourceTree = "<group>"; };
		D41C3077255A56FB00D543E5 /* RecommendViewController.swift */ = {isa = PBXFileReference; lastKnownFileType = sourcecode.swift; path = RecommendViewController.swift; sourceTree = "<group>"; };
		D41C307F255A742500D543E5 /* CollectionHeaderView.swift */ = {isa = PBXFileReference; lastKnownFileType = sourcecode.swift; path = CollectionHeaderView.swift; sourceTree = "<group>"; };
		D41C3080255A742500D543E5 /* CollectionHeaderView.xib */ = {isa = PBXFileReference; lastKnownFileType = file.xib; path = CollectionHeaderView.xib; sourceTree = "<group>"; };
		D41C3086255A79B600D543E5 /* CollectionNormalCell.swift */ = {isa = PBXFileReference; lastKnownFileType = sourcecode.swift; path = CollectionNormalCell.swift; sourceTree = "<group>"; };
		D41C3087255A79B600D543E5 /* CollectionNormalCell.xib */ = {isa = PBXFileReference; lastKnownFileType = file.xib; path = CollectionNormalCell.xib; sourceTree = "<group>"; };
		D41C308D255B597400D543E5 /* NSDate+Extension.swift */ = {isa = PBXFileReference; lastKnownFileType = sourcecode.swift; path = "NSDate+Extension.swift"; sourceTree = "<group>"; };
		D41C3092255B674700D543E5 /* AnchorGroup.swift */ = {isa = PBXFileReference; lastKnownFileType = sourcecode.swift; path = AnchorGroup.swift; sourceTree = "<group>"; };
		D41C3098255B692000D543E5 /* RecommendViewModel.swift */ = {isa = PBXFileReference; lastKnownFileType = sourcecode.swift; path = RecommendViewModel.swift; sourceTree = "<group>"; };
		D41C309D255B6A4800D543E5 /* AnchorModel.swift */ = {isa = PBXFileReference; lastKnownFileType = sourcecode.swift; path = AnchorModel.swift; sourceTree = "<group>"; };
		D41C30A2255B7E5A00D543E5 /* CollectionPrettyCell.swift */ = {isa = PBXFileReference; lastKnownFileType = sourcecode.swift; path = CollectionPrettyCell.swift; sourceTree = "<group>"; };
		D41C30A3255B7E5A00D543E5 /* CollectionPrettyCell.xib */ = {isa = PBXFileReference; lastKnownFileType = file.xib; path = CollectionPrettyCell.xib; sourceTree = "<group>"; };
		D41C311A255E4F6C00D543E5 /* String+Extension.swift */ = {isa = PBXFileReference; lastKnownFileType = sourcecode.swift; path = "String+Extension.swift"; sourceTree = "<group>"; };
		D41C311F255E5BAA00D543E5 /* EWKeychain.swift */ = {isa = PBXFileReference; lastKnownFileType = sourcecode.swift; path = EWKeychain.swift; sourceTree = "<group>"; };
		D41C3124255E633000D543E5 /* EWNetworkTools.swift */ = {isa = PBXFileReference; lastKnownFileType = sourcecode.swift; path = EWNetworkTools.swift; sourceTree = "<group>"; };
		D41C31302560B44400D543E5 /* EWRequest.swift */ = {isa = PBXFileReference; lastKnownFileType = sourcecode.swift; path = EWRequest.swift; sourceTree = "<group>"; };
		D41C3140256138DB00D543E5 /* CollectionBaseCell.swift */ = {isa = PBXFileReference; lastKnownFileType = sourcecode.swift; path = CollectionBaseCell.swift; sourceTree = "<group>"; };
		D41C31452561500400D543E5 /* RecommendCycleView.swift */ = {isa = PBXFileReference; lastKnownFileType = sourcecode.swift; path = RecommendCycleView.swift; sourceTree = "<group>"; };
		D41C314A2561505700D543E5 /* RecommendCycleView.xib */ = {isa = PBXFileReference; lastKnownFileType = file.xib; path = RecommendCycleView.xib; sourceTree = "<group>"; };
		D41C314F2562054200D543E5 /* CycleModel.swift */ = {isa = PBXFileReference; lastKnownFileType = sourcecode.swift; path = CycleModel.swift; sourceTree = "<group>"; };
		D41C315425620D8100D543E5 /* CollectionCycleCell.swift */ = {isa = PBXFileReference; lastKnownFileType = sourcecode.swift; path = CollectionCycleCell.swift; sourceTree = "<group>"; };
		D41C315525620D8100D543E5 /* CollectionCycleCell.xib */ = {isa = PBXFileReference; lastKnownFileType = file.xib; path = CollectionCycleCell.xib; sourceTree = "<group>"; };
		D41C315B25622E8E00D543E5 /* RecommendGameView.swift */ = {isa = PBXFileReference; lastKnownFileType = sourcecode.swift; path = RecommendGameView.swift; sourceTree = "<group>"; };
		D41C316025622EA500D543E5 /* RecommendGameView.xib */ = {isa = PBXFileReference; lastKnownFileType = file.xib; path = RecommendGameView.xib; sourceTree = "<group>"; };
		D41C31652562407800D543E5 /* CollectionGameCell.swift */ = {isa = PBXFileReference; lastKnownFileType = sourcecode.swift; path = CollectionGameCell.swift; sourceTree = "<group>"; };
		D41C31662562407800D543E5 /* CollectionGameCell.xib */ = {isa = PBXFileReference; lastKnownFileType = file.xib; path = CollectionGameCell.xib; sourceTree = "<group>"; };
		D41C316C256272EB00D543E5 /* GameViewController.swift */ = {isa = PBXFileReference; lastKnownFileType = sourcecode.swift; path = GameViewController.swift; sourceTree = "<group>"; };
		D41C317125628CD100D543E5 /* GameViewModel.swift */ = {isa = PBXFileReference; lastKnownFileType = sourcecode.swift; path = GameViewModel.swift; sourceTree = "<group>"; };
		D41C317625629D4E00D543E5 /* GameModel.swift */ = {isa = PBXFileReference; lastKnownFileType = sourcecode.swift; path = GameModel.swift; sourceTree = "<group>"; };
		D41C317B25629FC800D543E5 /* BaseGameModel.swift */ = {isa = PBXFileReference; lastKnownFileType = sourcecode.swift; path = BaseGameModel.swift; sourceTree = "<group>"; };
		D41C318B25636A2700D543E5 /* AmuseViewController.swift */ = {isa = PBXFileReference; lastKnownFileType = sourcecode.swift; path = AmuseViewController.swift; sourceTree = "<group>"; };
		D41C31902563712D00D543E5 /* AmuseViewModel.swift */ = {isa = PBXFileReference; lastKnownFileType = sourcecode.swift; path = AmuseViewModel.swift; sourceTree = "<group>"; };
		D41C319625637B2800D543E5 /* BaseViewModel.swift */ = {isa = PBXFileReference; lastKnownFileType = sourcecode.swift; path = BaseViewModel.swift; sourceTree = "<group>"; };
		D41C319B25637E5600D543E5 /* BaseAnchorViewController.swift */ = {isa = PBXFileReference; lastKnownFileType = sourcecode.swift; path = BaseAnchorViewController.swift; sourceTree = "<group>"; };
		D41C31A02563AE5C00D543E5 /* AmuseMenuView.swift */ = {isa = PBXFileReference; lastKnownFileType = sourcecode.swift; path = AmuseMenuView.swift; sourceTree = "<group>"; };
		D41C31A52563AEF600D543E5 /* AmuseMenuView.xib */ = {isa = PBXFileReference; lastKnownFileType = file.xib; path = AmuseMenuView.xib; sourceTree = "<group>"; };
		D47714922545869600155526 /* MyDYZB.app */ = {isa = PBXFileReference; explicitFileType = wrapper.application; includeInIndex = 0; path = MyDYZB.app; sourceTree = BUILT_PRODUCTS_DIR; };
		D47714952545869600155526 /* AppDelegate.swift */ = {isa = PBXFileReference; lastKnownFileType = sourcecode.swift; path = AppDelegate.swift; sourceTree = "<group>"; };
		D47714972545869600155526 /* SceneDelegate.swift */ = {isa = PBXFileReference; lastKnownFileType = sourcecode.swift; path = SceneDelegate.swift; sourceTree = "<group>"; };
		D477149E2545869900155526 /* Assets.xcassets */ = {isa = PBXFileReference; lastKnownFileType = folder.assetcatalog; path = Assets.xcassets; sourceTree = "<group>"; };
		D47714A12545869900155526 /* Base */ = {isa = PBXFileReference; lastKnownFileType = file.storyboard; name = Base; path = Base.lproj/LaunchScreen.storyboard; sourceTree = "<group>"; };
		D47714A32545869900155526 /* Info.plist */ = {isa = PBXFileReference; lastKnownFileType = text.plist.xml; path = Info.plist; sourceTree = "<group>"; };
		D47714A82545869900155526 /* MyDYZBTests.xctest */ = {isa = PBXFileReference; explicitFileType = wrapper.cfbundle; includeInIndex = 0; path = MyDYZBTests.xctest; sourceTree = BUILT_PRODUCTS_DIR; };
		D47714AC2545869900155526 /* MyDYZBTests.swift */ = {isa = PBXFileReference; lastKnownFileType = sourcecode.swift; path = MyDYZBTests.swift; sourceTree = "<group>"; };
		D47714AE2545869900155526 /* Info.plist */ = {isa = PBXFileReference; lastKnownFileType = text.plist.xml; path = Info.plist; sourceTree = "<group>"; };
		D47714B32545869900155526 /* MyDYZBUITests.xctest */ = {isa = PBXFileReference; explicitFileType = wrapper.cfbundle; includeInIndex = 0; path = MyDYZBUITests.xctest; sourceTree = BUILT_PRODUCTS_DIR; };
		D47714B72545869900155526 /* MyDYZBUITests.swift */ = {isa = PBXFileReference; lastKnownFileType = sourcecode.swift; path = MyDYZBUITests.swift; sourceTree = "<group>"; };
		D47714B92545869900155526 /* Info.plist */ = {isa = PBXFileReference; lastKnownFileType = text.plist.xml; path = Info.plist; sourceTree = "<group>"; };
		D47715192545AADA00155526 /* MainTabBarController.swift */ = {isa = PBXFileReference; fileEncoding = 4; lastKnownFileType = sourcecode.swift; path = MainTabBarController.swift; sourceTree = "<group>"; };
		D47715392545AC0000155526 /* Base */ = {isa = PBXFileReference; lastKnownFileType = file.storyboard; name = Base; path = MyDYZB/Base.lproj/Main.storyboard; sourceTree = SOURCE_ROOT; };
		D47715482545AD5E00155526 /* Base */ = {isa = PBXFileReference; lastKnownFileType = file.storyboard; name = Base; path = MyDYZB/Base.lproj/Home.storyboard; sourceTree = SOURCE_ROOT; };
		D47715782545AF9700155526 /* Base */ = {isa = PBXFileReference; lastKnownFileType = file.storyboard; name = Base; path = MyDYZB/Base.lproj/Profile.storyboard; sourceTree = SOURCE_ROOT; };
		D477157D2545B1C100155526 /* HomeViewController.swift */ = {isa = PBXFileReference; lastKnownFileType = sourcecode.swift; path = HomeViewController.swift; sourceTree = "<group>"; };
		D477158A2545B2A100155526 /* Base */ = {isa = PBXFileReference; lastKnownFileType = file.storyboard; name = Base; path = MyDYZB/Base.lproj/Live.storyboard; sourceTree = SOURCE_ROOT; };
		D477158F2545B2BB00155526 /* LiveViewController.swift */ = {isa = PBXFileReference; lastKnownFileType = sourcecode.swift; path = LiveViewController.swift; sourceTree = "<group>"; };
		D47715972545B32C00155526 /* FollowViewController.swift */ = {isa = PBXFileReference; lastKnownFileType = sourcecode.swift; name = FollowViewController.swift; path = MyDYZB/Classes/Follow/Controller/FollowViewController.swift; sourceTree = SOURCE_ROOT; };
		D477159F2545B34700155526 /* ProfileViewController.swift */ = {isa = PBXFileReference; lastKnownFileType = sourcecode.swift; path = ProfileViewController.swift; sourceTree = "<group>"; };
		D47715A52545B3E200155526 /* Base */ = {isa = PBXFileReference; lastKnownFileType = file.storyboard; name = Base; path = MyDYZB/Base.lproj/Follow.storyboard; sourceTree = SOURCE_ROOT; };
		D47715AB2545BE4D00155526 /* UIBarButton+Extension.swift */ = {isa = PBXFileReference; lastKnownFileType = sourcecode.swift; path = "UIBarButton+Extension.swift"; sourceTree = "<group>"; };
		D4F48D4225503C6800CA9DB0 /* PageTitleView.swift */ = {isa = PBXFileReference; lastKnownFileType = sourcecode.swift; path = PageTitleView.swift; sourceTree = "<group>"; };
		D4F48D4725503F6400CA9DB0 /* Common.swift */ = {isa = PBXFileReference; lastKnownFileType = sourcecode.swift; path = Common.swift; sourceTree = "<group>"; };
		D4F48D4C2551735100CA9DB0 /* PageContentView.swift */ = {isa = PBXFileReference; lastKnownFileType = sourcecode.swift; path = PageContentView.swift; sourceTree = "<group>"; };
		D4F48D51255176C900CA9DB0 /* UIColor+Extension.swift */ = {isa = PBXFileReference; lastKnownFileType = sourcecode.swift; path = "UIColor+Extension.swift"; sourceTree = "<group>"; };
		E8988C3FF5BA3F62808851E3 /* Pods-MyDYZB.release.xcconfig */ = {isa = PBXFileReference; includeInIndex = 1; lastKnownFileType = text.xcconfig; name = "Pods-MyDYZB.release.xcconfig"; path = "Target Support Files/Pods-MyDYZB/Pods-MyDYZB.release.xcconfig"; sourceTree = "<group>"; };
/* End PBXFileReference section */

/* Begin PBXFrameworksBuildPhase section */
		D477148F2545869600155526 /* Frameworks */ = {
			isa = PBXFrameworksBuildPhase;
			buildActionMask = 2147483647;
			files = (
				D1D345EA109C7852A208886D /* Pods_MyDYZB.framework in Frameworks */,
			);
			runOnlyForDeploymentPostprocessing = 0;
		};
		D47714A52545869900155526 /* Frameworks */ = {
			isa = PBXFrameworksBuildPhase;
			buildActionMask = 2147483647;
			files = (
			);
			runOnlyForDeploymentPostprocessing = 0;
		};
		D47714B02545869900155526 /* Frameworks */ = {
			isa = PBXFrameworksBuildPhase;
			buildActionMask = 2147483647;
			files = (
			);
			runOnlyForDeploymentPostprocessing = 0;
		};
/* End PBXFrameworksBuildPhase section */

/* Begin PBXGroup section */
		37C20005565AB93CDC10E91A /* Frameworks */ = {
			isa = PBXGroup;
			children = (
				456B702E0BA6B196E1960CB1 /* Pods_MyDYZB.framework */,
			);
			name = Frameworks;
			sourceTree = "<group>";
		};
		8C0DF072B6CE4E5C5310B796 /* Pods */ = {
			isa = PBXGroup;
			children = (
				4B73C925C34C61BD853AEA4B /* Pods-MyDYZB.debug.xcconfig */,
				E8988C3FF5BA3F62808851E3 /* Pods-MyDYZB.release.xcconfig */,
			);
			path = Pods;
			sourceTree = "<group>";
		};
		D41C3097255B68F600D543E5 /* ViewModel */ = {
			isa = PBXGroup;
			children = (
				D41C3098255B692000D543E5 /* RecommendViewModel.swift */,
				D41C317125628CD100D543E5 /* GameViewModel.swift */,
				D41C31902563712D00D543E5 /* AmuseViewModel.swift */,
			);
			path = ViewModel;
			sourceTree = "<group>";
		};
		D41C319525637B0E00D543E5 /* ViewModel */ = {
			isa = PBXGroup;
			children = (
				D41C319625637B2800D543E5 /* BaseViewModel.swift */,
			);
			path = ViewModel;
			sourceTree = "<group>";
		};
		D47714892545869600155526 = {
			isa = PBXGroup;
			children = (
				D47714942545869600155526 /* MyDYZB */,
				D47714AB2545869900155526 /* MyDYZBTests */,
				D47714B62545869900155526 /* MyDYZBUITests */,
				D47714932545869600155526 /* Products */,
				8C0DF072B6CE4E5C5310B796 /* Pods */,
				37C20005565AB93CDC10E91A /* Frameworks */,
			);
			sourceTree = "<group>";
		};
		D47714932545869600155526 /* Products */ = {
			isa = PBXGroup;
			children = (
				D47714922545869600155526 /* MyDYZB.app */,
				D47714A82545869900155526 /* MyDYZBTests.xctest */,
				D47714B32545869900155526 /* MyDYZBUITests.xctest */,
			);
			name = Products;
			sourceTree = "<group>";
		};
		D47714942545869600155526 /* MyDYZB */ = {
			isa = PBXGroup;
			children = (
				D47714D725458D9800155526 /* Classes */,
				D47714952545869600155526 /* AppDelegate.swift */,
				D47714972545869600155526 /* SceneDelegate.swift */,
				D477149E2545869900155526 /* Assets.xcassets */,
				D47714A02545869900155526 /* LaunchScreen.storyboard */,
				D47714A32545869900155526 /* Info.plist */,
			);
			path = MyDYZB;
			sourceTree = "<group>";
		};
		D47714AB2545869900155526 /* MyDYZBTests */ = {
			isa = PBXGroup;
			children = (
				D47714AC2545869900155526 /* MyDYZBTests.swift */,
				D47714AE2545869900155526 /* Info.plist */,
			);
			path = MyDYZBTests;
			sourceTree = "<group>";
		};
		D47714B62545869900155526 /* MyDYZBUITests */ = {
			isa = PBXGroup;
			children = (
				D47714B72545869900155526 /* MyDYZBUITests.swift */,
				D47714B92545869900155526 /* Info.plist */,
			);
			path = MyDYZBUITests;
			sourceTree = "<group>";
		};
		D47714D725458D9800155526 /* Classes */ = {
			isa = PBXGroup;
			children = (
				D47714DD25458D9800155526 /* Main */,
				D47714D825458D9800155526 /* Home */,
				D47714DC25458D9800155526 /* Live */,
				D47714DA25458D9800155526 /* Follow */,
				D47714DB25458D9800155526 /* Profile */,
				D47714D925458D9800155526 /* Tools */,
			);
			path = Classes;
			sourceTree = "<group>";
		};
		D47714D825458D9800155526 /* Home */ = {
			isa = PBXGroup;
			children = (
				D41C3097255B68F600D543E5 /* ViewModel */,
				D477152E2545AB1B00155526 /* Model */,
				D477152D2545AB1B00155526 /* View */,
				D477152C2545AB1B00155526 /* Controller */,
			);
			path = Home;
			sourceTree = "<group>";
		};
		D47714D925458D9800155526 /* Tools */ = {
			isa = PBXGroup;
			children = (
				D47715AA2545BE1700155526 /* Extension */,
				D4F48D4725503F6400CA9DB0 /* Common.swift */,
				D41C311F255E5BAA00D543E5 /* EWKeychain.swift */,
				D41C3124255E633000D543E5 /* EWNetworkTools.swift */,
				D41C31302560B44400D543E5 /* EWRequest.swift */,
			);
			path = Tools;
			sourceTree = "<group>";
		};
		D47714DA25458D9800155526 /* Follow */ = {
			isa = PBXGroup;
			children = (
				D47715312545AB2F00155526 /* Model */,
				D477152F2545AB2F00155526 /* View */,
				D47715302545AB2F00155526 /* Controller */,
			);
			path = Follow;
			sourceTree = "<group>";
		};
		D47714DB25458D9800155526 /* Profile */ = {
			isa = PBXGroup;
			children = (
				D47715332545AB3A00155526 /* Model */,
				D47715342545AB3A00155526 /* View */,
				D47715322545AB3A00155526 /* Controller */,
			);
			path = Profile;
			sourceTree = "<group>";
		};
		D47714DC25458D9800155526 /* Live */ = {
			isa = PBXGroup;
			children = (
				D47715612545AE7A00155526 /* Model */,
				D477155F2545AE7A00155526 /* View */,
				D47715882545B28100155526 /* Controller */,
			);
			path = Live;
			sourceTree = "<group>";
		};
		D47714DD25458D9800155526 /* Main */ = {
			isa = PBXGroup;
			children = (
				D41C319525637B0E00D543E5 /* ViewModel */,
				D477151A2545AADA00155526 /* Model */,
				D477151B2545AADA00155526 /* View */,
				D47715182545AADA00155526 /* Controller */,
			);
			path = Main;
			sourceTree = "<group>";
		};
		D47715182545AADA00155526 /* Controller */ = {
			isa = PBXGroup;
			children = (
				D47715192545AADA00155526 /* MainTabBarController.swift */,
				D47715382545AC0000155526 /* Main.storyboard */,
				D41C319B25637E5600D543E5 /* BaseAnchorViewController.swift */,
			);
			path = Controller;
			sourceTree = "<group>";
		};
		D477151A2545AADA00155526 /* Model */ = {
			isa = PBXGroup;
			children = (
				D41C317B25629FC800D543E5 /* BaseGameModel.swift */,
				D41C3092255B674700D543E5 /* AnchorGroup.swift */,
				D41C309D255B6A4800D543E5 /* AnchorModel.swift */,
			);
			path = Model;
			sourceTree = "<group>";
		};
		D477151B2545AADA00155526 /* View */ = {
			isa = PBXGroup;
			children = (
				D4F48D4225503C6800CA9DB0 /* PageTitleView.swift */,
				D4F48D4C2551735100CA9DB0 /* PageContentView.swift */,
				D41C3086255A79B600D543E5 /* CollectionNormalCell.swift */,
				D41C3087255A79B600D543E5 /* CollectionNormalCell.xib */,
				D41C30A2255B7E5A00D543E5 /* CollectionPrettyCell.swift */,
				D41C30A3255B7E5A00D543E5 /* CollectionPrettyCell.xib */,
				D41C3140256138DB00D543E5 /* CollectionBaseCell.swift */,
			);
			path = View;
			sourceTree = "<group>";
		};
		D477152C2545AB1B00155526 /* Controller */ = {
			isa = PBXGroup;
			children = (
				D47715472545AD5E00155526 /* Home.storyboard */,
				D477157D2545B1C100155526 /* HomeViewController.swift */,
				D41C3077255A56FB00D543E5 /* RecommendViewController.swift */,
				D41C316C256272EB00D543E5 /* GameViewController.swift */,
				D41C318B25636A2700D543E5 /* AmuseViewController.swift */,
			);
			path = Controller;
			sourceTree = "<group>";
		};
		D477152D2545AB1B00155526 /* View */ = {
			isa = PBXGroup;
			children = (
				D41C307F255A742500D543E5 /* CollectionHeaderView.swift */,
				D41C3080255A742500D543E5 /* CollectionHeaderView.xib */,
				D41C31452561500400D543E5 /* RecommendCycleView.swift */,
				D41C314A2561505700D543E5 /* RecommendCycleView.xib */,
				D41C315425620D8100D543E5 /* CollectionCycleCell.swift */,
				D41C315525620D8100D543E5 /* CollectionCycleCell.xib */,
				D41C315B25622E8E00D543E5 /* RecommendGameView.swift */,
				D41C316025622EA500D543E5 /* RecommendGameView.xib */,
				D41C31652562407800D543E5 /* CollectionGameCell.swift */,
				D41C31662562407800D543E5 /* CollectionGameCell.xib */,
				D41C31A02563AE5C00D543E5 /* AmuseMenuView.swift */,
				D41C31A52563AEF600D543E5 /* AmuseMenuView.xib */,
			);
			path = View;
			sourceTree = "<group>";
		};
		D477152E2545AB1B00155526 /* Model */ = {
			isa = PBXGroup;
			children = (
				D41C314F2562054200D543E5 /* CycleModel.swift */,
				D41C317625629D4E00D543E5 /* GameModel.swift */,
			);
			path = Model;
			sourceTree = "<group>";
		};
		D477152F2545AB2F00155526 /* View */ = {
			isa = PBXGroup;
			children = (
			);
			name = View;
			path = MyDYZB/Classes/Live/View;
			sourceTree = SOURCE_ROOT;
		};
		D47715302545AB2F00155526 /* Controller */ = {
			isa = PBXGroup;
			children = (
				D47715A42545B3E200155526 /* Follow.storyboard */,
				D47715972545B32C00155526 /* FollowViewController.swift */,
			);
			name = Controller;
			path = MyDYZB/Classes/Live/View/Controller;
			sourceTree = SOURCE_ROOT;
		};
		D47715312545AB2F00155526 /* Model */ = {
			isa = PBXGroup;
			children = (
			);
			name = Model;
			path = MyDYZB/Classes/Live/Model;
			sourceTree = SOURCE_ROOT;
		};
		D47715322545AB3A00155526 /* Controller */ = {
			isa = PBXGroup;
			children = (
				D47715772545AF9700155526 /* Profile.storyboard */,
				D477159F2545B34700155526 /* ProfileViewController.swift */,
			);
			path = Controller;
			sourceTree = "<group>";
		};
		D47715332545AB3A00155526 /* Model */ = {
			isa = PBXGroup;
			children = (
			);
			path = Model;
			sourceTree = "<group>";
		};
		D47715342545AB3A00155526 /* View */ = {
			isa = PBXGroup;
			children = (
			);
			path = View;
			sourceTree = "<group>";
		};
		D477155F2545AE7A00155526 /* View */ = {
			isa = PBXGroup;
			children = (
			);
			path = View;
			sourceTree = "<group>";
		};
		D47715612545AE7A00155526 /* Model */ = {
			isa = PBXGroup;
			children = (
			);
			path = Model;
			sourceTree = "<group>";
		};
		D47715882545B28100155526 /* Controller */ = {
			isa = PBXGroup;
			children = (
				D47715892545B2A100155526 /* Live.storyboard */,
				D477158F2545B2BB00155526 /* LiveViewController.swift */,
			);
			path = Controller;
			sourceTree = "<group>";
		};
		D47715AA2545BE1700155526 /* Extension */ = {
			isa = PBXGroup;
			children = (
				D47715AB2545BE4D00155526 /* UIBarButton+Extension.swift */,
				D4F48D51255176C900CA9DB0 /* UIColor+Extension.swift */,
				D41C308D255B597400D543E5 /* NSDate+Extension.swift */,
				D41C311A255E4F6C00D543E5 /* String+Extension.swift */,
			);
			path = Extension;
			sourceTree = "<group>";
		};
/* End PBXGroup section */

/* Begin PBXNativeTarget section */
		D47714912545869600155526 /* MyDYZB */ = {
			isa = PBXNativeTarget;
			buildConfigurationList = D47714BC2545869900155526 /* Build configuration list for PBXNativeTarget "MyDYZB" */;
			buildPhases = (
				28A0F5B50B1DFDC62F03234F /* [CP] Check Pods Manifest.lock */,
				D477148E2545869600155526 /* Sources */,
				D477148F2545869600155526 /* Frameworks */,
				D47714902545869600155526 /* Resources */,
				D032B6A27AE30A7EDE06E4D7 /* [CP] Embed Pods Frameworks */,
			);
			buildRules = (
			);
			dependencies = (
			);
			name = MyDYZB;
			productName = MyDYZB;
			productReference = D47714922545869600155526 /* MyDYZB.app */;
			productType = "com.apple.product-type.application";
		};
		D47714A72545869900155526 /* MyDYZBTests */ = {
			isa = PBXNativeTarget;
			buildConfigurationList = D47714BF2545869900155526 /* Build configuration list for PBXNativeTarget "MyDYZBTests" */;
			buildPhases = (
				D47714A42545869900155526 /* Sources */,
				D47714A52545869900155526 /* Frameworks */,
				D47714A62545869900155526 /* Resources */,
			);
			buildRules = (
			);
			dependencies = (
				D47714AA2545869900155526 /* PBXTargetDependency */,
			);
			name = MyDYZBTests;
			productName = MyDYZBTests;
			productReference = D47714A82545869900155526 /* MyDYZBTests.xctest */;
			productType = "com.apple.product-type.bundle.unit-test";
		};
		D47714B22545869900155526 /* MyDYZBUITests */ = {
			isa = PBXNativeTarget;
			buildConfigurationList = D47714C22545869900155526 /* Build configuration list for PBXNativeTarget "MyDYZBUITests" */;
			buildPhases = (
				D47714AF2545869900155526 /* Sources */,
				D47714B02545869900155526 /* Frameworks */,
				D47714B12545869900155526 /* Resources */,
			);
			buildRules = (
			);
			dependencies = (
				D47714B52545869900155526 /* PBXTargetDependency */,
			);
			name = MyDYZBUITests;
			productName = MyDYZBUITests;
			productReference = D47714B32545869900155526 /* MyDYZBUITests.xctest */;
			productType = "com.apple.product-type.bundle.ui-testing";
		};
/* End PBXNativeTarget section */

/* Begin PBXProject section */
		D477148A2545869600155526 /* Project object */ = {
			isa = PBXProject;
			attributes = {
				LastSwiftUpdateCheck = 1200;
				LastUpgradeCheck = 1200;
				TargetAttributes = {
					D47714912545869600155526 = {
						CreatedOnToolsVersion = 12.0.1;
					};
					D47714A72545869900155526 = {
						CreatedOnToolsVersion = 12.0.1;
						TestTargetID = D47714912545869600155526;
					};
					D47714B22545869900155526 = {
						CreatedOnToolsVersion = 12.0.1;
						TestTargetID = D47714912545869600155526;
					};
				};
			};
			buildConfigurationList = D477148D2545869600155526 /* Build configuration list for PBXProject "MyDYZB" */;
			compatibilityVersion = "Xcode 9.3";
			developmentRegion = en;
			hasScannedForEncodings = 0;
			knownRegions = (
				en,
				Base,
			);
			mainGroup = D47714892545869600155526;
			productRefGroup = D47714932545869600155526 /* Products */;
			projectDirPath = "";
			projectRoot = "";
			targets = (
				D47714912545869600155526 /* MyDYZB */,
				D47714A72545869900155526 /* MyDYZBTests */,
				D47714B22545869900155526 /* MyDYZBUITests */,
			);
		};
/* End PBXProject section */

/* Begin PBXResourcesBuildPhase section */
		D47714902545869600155526 /* Resources */ = {
			isa = PBXResourcesBuildPhase;
			buildActionMask = 2147483647;
			files = (
				D477153A2545AC0000155526 /* Main.storyboard in Resources */,
				D41C3082255A742500D543E5 /* CollectionHeaderView.xib in Resources */,
				D41C3089255A79B600D543E5 /* CollectionNormalCell.xib in Resources */,
				D47714A22545869900155526 /* LaunchScreen.storyboard in Resources */,
				D477149F2545869900155526 /* Assets.xcassets in Resources */,
				D47715492545AD5E00155526 /* Home.storyboard in Resources */,
				D47715A62545B3E300155526 /* Follow.storyboard in Resources */,
				D41C31682562407800D543E5 /* CollectionGameCell.xib in Resources */,
				D41C31A62563AEF600D543E5 /* AmuseMenuView.xib in Resources */,
				D41C314B2561505700D543E5 /* RecommendCycleView.xib in Resources */,
				D41C315725620D8100D543E5 /* CollectionCycleCell.xib in Resources */,
				D41C30A5255B7E5A00D543E5 /* CollectionPrettyCell.xib in Resources */,
				D47715792545AF9700155526 /* Profile.storyboard in Resources */,
				D41C316125622EA500D543E5 /* RecommendGameView.xib in Resources */,
				D477158B2545B2A100155526 /* Live.storyboard in Resources */,
			);
			runOnlyForDeploymentPostprocessing = 0;
		};
		D47714A62545869900155526 /* Resources */ = {
			isa = PBXResourcesBuildPhase;
			buildActionMask = 2147483647;
			files = (
			);
			runOnlyForDeploymentPostprocessing = 0;
		};
		D47714B12545869900155526 /* Resources */ = {
			isa = PBXResourcesBuildPhase;
			buildActionMask = 2147483647;
			files = (
			);
			runOnlyForDeploymentPostprocessing = 0;
		};
/* End PBXResourcesBuildPhase section */

/* Begin PBXShellScriptBuildPhase section */
		28A0F5B50B1DFDC62F03234F /* [CP] Check Pods Manifest.lock */ = {
			isa = PBXShellScriptBuildPhase;
			buildActionMask = 2147483647;
			files = (
			);
			inputFileListPaths = (
			);
			inputPaths = (
				"${PODS_PODFILE_DIR_PATH}/Podfile.lock",
				"${PODS_ROOT}/Manifest.lock",
			);
			name = "[CP] Check Pods Manifest.lock";
			outputFileListPaths = (
			);
			outputPaths = (
				"$(DERIVED_FILE_DIR)/Pods-MyDYZB-checkManifestLockResult.txt",
			);
			runOnlyForDeploymentPostprocessing = 0;
			shellPath = /bin/sh;
			shellScript = "diff \"${PODS_PODFILE_DIR_PATH}/Podfile.lock\" \"${PODS_ROOT}/Manifest.lock\" > /dev/null\nif [ $? != 0 ] ; then\n    # print error to STDERR\n    echo \"error: The sandbox is not in sync with the Podfile.lock. Run 'pod install' or update your CocoaPods installation.\" >&2\n    exit 1\nfi\n# This output is used by Xcode 'outputs' to avoid re-running this script phase.\necho \"SUCCESS\" > \"${SCRIPT_OUTPUT_FILE_0}\"\n";
			showEnvVarsInLog = 0;
		};
		D032B6A27AE30A7EDE06E4D7 /* [CP] Embed Pods Frameworks */ = {
			isa = PBXShellScriptBuildPhase;
			buildActionMask = 2147483647;
			files = (
			);
			inputFileListPaths = (
				"${PODS_ROOT}/Target Support Files/Pods-MyDYZB/Pods-MyDYZB-frameworks-${CONFIGURATION}-input-files.xcfilelist",
			);
			name = "[CP] Embed Pods Frameworks";
			outputFileListPaths = (
				"${PODS_ROOT}/Target Support Files/Pods-MyDYZB/Pods-MyDYZB-frameworks-${CONFIGURATION}-output-files.xcfilelist",
			);
			runOnlyForDeploymentPostprocessing = 0;
			shellPath = /bin/sh;
			shellScript = "\"${PODS_ROOT}/Target Support Files/Pods-MyDYZB/Pods-MyDYZB-frameworks.sh\"\n";
			showEnvVarsInLog = 0;
		};
/* End PBXShellScriptBuildPhase section */

/* Begin PBXSourcesBuildPhase section */
		D477148E2545869600155526 /* Sources */ = {
			isa = PBXSourcesBuildPhase;
			buildActionMask = 2147483647;
			files = (
				D41C318C25636A2700D543E5 /* AmuseViewController.swift in Sources */,
				D47714962545869600155526 /* AppDelegate.swift in Sources */,
				D41C311B255E4F6C00D543E5 /* String+Extension.swift in Sources */,
				D47714982545869600155526 /* SceneDelegate.swift in Sources */,
				D41C315C25622E8E00D543E5 /* RecommendGameView.swift in Sources */,
				D41C31502562054200D543E5 /* CycleModel.swift in Sources */,
				D41C309E255B6A4800D543E5 /* AnchorModel.swift in Sources */,
				D4F48D4D2551735100CA9DB0 /* PageContentView.swift in Sources */,
				D41C31B82563BAA100D543E5 /* BaseAnchorViewController.swift in Sources */,
				D4F48D52255176C900CA9DB0 /* UIColor+Extension.swift in Sources */,
				D41C3088255A79B600D543E5 /* CollectionNormalCell.swift in Sources */,
				D41C315625620D8100D543E5 /* CollectionCycleCell.swift in Sources */,
				D41C31312560B44400D543E5 /* EWRequest.swift in Sources */,
				D477151C2545AADA00155526 /* MainTabBarController.swift in Sources */,
				D47715982545B32C00155526 /* FollowViewController.swift in Sources */,
				D41C3141256138DB00D543E5 /* CollectionBaseCell.swift in Sources */,
				D41C3099255B692000D543E5 /* RecommendViewModel.swift in Sources */,
				D47715A02545B34700155526 /* ProfileViewController.swift in Sources */,
				D41C3120255E5BAA00D543E5 /* EWKeychain.swift in Sources */,
				D41C308E255B597400D543E5 /* NSDate+Extension.swift in Sources */,
				D41C3093255B674700D543E5 /* AnchorGroup.swift in Sources */,
				D47715AC2545BE4D00155526 /* UIBarButton+Extension.swift in Sources */,
				D41C317225628CD100D543E5 /* GameViewModel.swift in Sources */,
				D41C30A4255B7E5A00D543E5 /* CollectionPrettyCell.swift in Sources */,
				D41C317C25629FC800D543E5 /* BaseGameModel.swift in Sources */,
				D4F48D4325503C6800CA9DB0 /* PageTitleView.swift in Sources */,
				D41C31A12563AE5C00D543E5 /* AmuseMenuView.swift in Sources */,
				D41C316D256272EB00D543E5 /* GameViewController.swift in Sources */,
				D477157E2545B1C100155526 /* HomeViewController.swift in Sources */,
				D41C319725637B2800D543E5 /* BaseViewModel.swift in Sources */,
				D41C31672562407800D543E5 /* CollectionGameCell.swift in Sources */,
				D4F48D4825503F6400CA9DB0 /* Common.swift in Sources */,
				D41C3125255E633000D543E5 /* EWNetworkTools.swift in Sources */,
				D41C3081255A742500D543E5 /* CollectionHeaderView.swift in Sources */,
				D41C31462561500400D543E5 /* RecommendCycleView.swift in Sources */,
				D47715902545B2BB00155526 /* LiveViewController.swift in Sources */,
				D41C3078255A56FB00D543E5 /* RecommendViewController.swift in Sources */,
				D41C31912563712D00D543E5 /* AmuseViewModel.swift in Sources */,
				D41C317725629D4E00D543E5 /* GameModel.swift in Sources */,
			);
			runOnlyForDeploymentPostprocessing = 0;
		};
		D47714A42545869900155526 /* Sources */ = {
			isa = PBXSourcesBuildPhase;
			buildActionMask = 2147483647;
			files = (
				D47714AD2545869900155526 /* MyDYZBTests.swift in Sources */,
			);
			runOnlyForDeploymentPostprocessing = 0;
		};
		D47714AF2545869900155526 /* Sources */ = {
			isa = PBXSourcesBuildPhase;
			buildActionMask = 2147483647;
			files = (
				D47714B82545869900155526 /* MyDYZBUITests.swift in Sources */,
			);
			runOnlyForDeploymentPostprocessing = 0;
		};
/* End PBXSourcesBuildPhase section */

/* Begin PBXTargetDependency section */
		D47714AA2545869900155526 /* PBXTargetDependency */ = {
			isa = PBXTargetDependency;
			target = D47714912545869600155526 /* MyDYZB */;
			targetProxy = D47714A92545869900155526 /* PBXContainerItemProxy */;
		};
		D47714B52545869900155526 /* PBXTargetDependency */ = {
			isa = PBXTargetDependency;
			target = D47714912545869600155526 /* MyDYZB */;
			targetProxy = D47714B42545869900155526 /* PBXContainerItemProxy */;
		};
/* End PBXTargetDependency section */

/* Begin PBXVariantGroup section */
		D47714A02545869900155526 /* LaunchScreen.storyboard */ = {
			isa = PBXVariantGroup;
			children = (
				D47714A12545869900155526 /* Base */,
			);
			name = LaunchScreen.storyboard;
			sourceTree = "<group>";
		};
		D47715382545AC0000155526 /* Main.storyboard */ = {
			isa = PBXVariantGroup;
			children = (
				D47715392545AC0000155526 /* Base */,
			);
			name = Main.storyboard;
			sourceTree = "<group>";
		};
		D47715472545AD5E00155526 /* Home.storyboard */ = {
			isa = PBXVariantGroup;
			children = (
				D47715482545AD5E00155526 /* Base */,
			);
			name = Home.storyboard;
			sourceTree = "<group>";
		};
		D47715772545AF9700155526 /* Profile.storyboard */ = {
			isa = PBXVariantGroup;
			children = (
				D47715782545AF9700155526 /* Base */,
			);
			name = Profile.storyboard;
			sourceTree = "<group>";
		};
		D47715892545B2A100155526 /* Live.storyboard */ = {
			isa = PBXVariantGroup;
			children = (
				D477158A2545B2A100155526 /* Base */,
			);
			name = Live.storyboard;
			sourceTree = "<group>";
		};
		D47715A42545B3E200155526 /* Follow.storyboard */ = {
			isa = PBXVariantGroup;
			children = (
				D47715A52545B3E200155526 /* Base */,
			);
			name = Follow.storyboard;
			sourceTree = "<group>";
		};
/* End PBXVariantGroup section */

/* Begin XCBuildConfiguration section */
		D47714BA2545869900155526 /* Debug */ = {
			isa = XCBuildConfiguration;
			buildSettings = {
				ALWAYS_SEARCH_USER_PATHS = NO;
				CLANG_ANALYZER_NONNULL = YES;
				CLANG_ANALYZER_NUMBER_OBJECT_CONVERSION = YES_AGGRESSIVE;
				CLANG_CXX_LANGUAGE_STANDARD = "gnu++14";
				CLANG_CXX_LIBRARY = "libc++";
				CLANG_ENABLE_MODULES = YES;
				CLANG_ENABLE_OBJC_ARC = YES;
				CLANG_ENABLE_OBJC_WEAK = YES;
				CLANG_WARN_BLOCK_CAPTURE_AUTORELEASING = YES;
				CLANG_WARN_BOOL_CONVERSION = YES;
				CLANG_WARN_COMMA = YES;
				CLANG_WARN_CONSTANT_CONVERSION = YES;
				CLANG_WARN_DEPRECATED_OBJC_IMPLEMENTATIONS = YES;
				CLANG_WARN_DIRECT_OBJC_ISA_USAGE = YES_ERROR;
				CLANG_WARN_DOCUMENTATION_COMMENTS = YES;
				CLANG_WARN_EMPTY_BODY = YES;
				CLANG_WARN_ENUM_CONVERSION = YES;
				CLANG_WARN_INFINITE_RECURSION = YES;
				CLANG_WARN_INT_CONVERSION = YES;
				CLANG_WARN_NON_LITERAL_NULL_CONVERSION = YES;
				CLANG_WARN_OBJC_IMPLICIT_RETAIN_SELF = YES;
				CLANG_WARN_OBJC_LITERAL_CONVERSION = YES;
				CLANG_WARN_OBJC_ROOT_CLASS = YES_ERROR;
				CLANG_WARN_QUOTED_INCLUDE_IN_FRAMEWORK_HEADER = YES;
				CLANG_WARN_RANGE_LOOP_ANALYSIS = YES;
				CLANG_WARN_STRICT_PROTOTYPES = YES;
				CLANG_WARN_SUSPICIOUS_MOVE = YES;
				CLANG_WARN_UNGUARDED_AVAILABILITY = YES_AGGRESSIVE;
				CLANG_WARN_UNREACHABLE_CODE = YES;
				CLANG_WARN__DUPLICATE_METHOD_MATCH = YES;
				COPY_PHASE_STRIP = NO;
				DEBUG_INFORMATION_FORMAT = dwarf;
				ENABLE_STRICT_OBJC_MSGSEND = YES;
				ENABLE_TESTABILITY = YES;
				GCC_C_LANGUAGE_STANDARD = gnu11;
				GCC_DYNAMIC_NO_PIC = NO;
				GCC_NO_COMMON_BLOCKS = YES;
				GCC_OPTIMIZATION_LEVEL = 0;
				GCC_PREPROCESSOR_DEFINITIONS = (
					"DEBUG=1",
					"$(inherited)",
				);
				GCC_WARN_64_TO_32_BIT_CONVERSION = YES;
				GCC_WARN_ABOUT_RETURN_TYPE = YES_ERROR;
				GCC_WARN_UNDECLARED_SELECTOR = YES;
				GCC_WARN_UNINITIALIZED_AUTOS = YES_AGGRESSIVE;
				GCC_WARN_UNUSED_FUNCTION = YES;
				GCC_WARN_UNUSED_VARIABLE = YES;
				IPHONEOS_DEPLOYMENT_TARGET = 14.0;
				MTL_ENABLE_DEBUG_INFO = INCLUDE_SOURCE;
				MTL_FAST_MATH = YES;
				ONLY_ACTIVE_ARCH = YES;
				SDKROOT = iphoneos;
				SWIFT_ACTIVE_COMPILATION_CONDITIONS = DEBUG;
				SWIFT_OPTIMIZATION_LEVEL = "-Onone";
			};
			name = Debug;
		};
		D47714BB2545869900155526 /* Release */ = {
			isa = XCBuildConfiguration;
			buildSettings = {
				ALWAYS_SEARCH_USER_PATHS = NO;
				CLANG_ANALYZER_NONNULL = YES;
				CLANG_ANALYZER_NUMBER_OBJECT_CONVERSION = YES_AGGRESSIVE;
				CLANG_CXX_LANGUAGE_STANDARD = "gnu++14";
				CLANG_CXX_LIBRARY = "libc++";
				CLANG_ENABLE_MODULES = YES;
				CLANG_ENABLE_OBJC_ARC = YES;
				CLANG_ENABLE_OBJC_WEAK = YES;
				CLANG_WARN_BLOCK_CAPTURE_AUTORELEASING = YES;
				CLANG_WARN_BOOL_CONVERSION = YES;
				CLANG_WARN_COMMA = YES;
				CLANG_WARN_CONSTANT_CONVERSION = YES;
				CLANG_WARN_DEPRECATED_OBJC_IMPLEMENTATIONS = YES;
				CLANG_WARN_DIRECT_OBJC_ISA_USAGE = YES_ERROR;
				CLANG_WARN_DOCUMENTATION_COMMENTS = YES;
				CLANG_WARN_EMPTY_BODY = YES;
				CLANG_WARN_ENUM_CONVERSION = YES;
				CLANG_WARN_INFINITE_RECURSION = YES;
				CLANG_WARN_INT_CONVERSION = YES;
				CLANG_WARN_NON_LITERAL_NULL_CONVERSION = YES;
				CLANG_WARN_OBJC_IMPLICIT_RETAIN_SELF = YES;
				CLANG_WARN_OBJC_LITERAL_CONVERSION = YES;
				CLANG_WARN_OBJC_ROOT_CLASS = YES_ERROR;
				CLANG_WARN_QUOTED_INCLUDE_IN_FRAMEWORK_HEADER = YES;
				CLANG_WARN_RANGE_LOOP_ANALYSIS = YES;
				CLANG_WARN_STRICT_PROTOTYPES = YES;
				CLANG_WARN_SUSPICIOUS_MOVE = YES;
				CLANG_WARN_UNGUARDED_AVAILABILITY = YES_AGGRESSIVE;
				CLANG_WARN_UNREACHABLE_CODE = YES;
				CLANG_WARN__DUPLICATE_METHOD_MATCH = YES;
				COPY_PHASE_STRIP = NO;
				DEBUG_INFORMATION_FORMAT = "dwarf-with-dsym";
				ENABLE_NS_ASSERTIONS = NO;
				ENABLE_STRICT_OBJC_MSGSEND = YES;
				GCC_C_LANGUAGE_STANDARD = gnu11;
				GCC_NO_COMMON_BLOCKS = YES;
				GCC_WARN_64_TO_32_BIT_CONVERSION = YES;
				GCC_WARN_ABOUT_RETURN_TYPE = YES_ERROR;
				GCC_WARN_UNDECLARED_SELECTOR = YES;
				GCC_WARN_UNINITIALIZED_AUTOS = YES_AGGRESSIVE;
				GCC_WARN_UNUSED_FUNCTION = YES;
				GCC_WARN_UNUSED_VARIABLE = YES;
				IPHONEOS_DEPLOYMENT_TARGET = 14.0;
				MTL_ENABLE_DEBUG_INFO = NO;
				MTL_FAST_MATH = YES;
				SDKROOT = iphoneos;
				SWIFT_COMPILATION_MODE = wholemodule;
				SWIFT_OPTIMIZATION_LEVEL = "-O";
				VALIDATE_PRODUCT = YES;
			};
			name = Release;
		};
		D47714BD2545869900155526 /* Debug */ = {
			isa = XCBuildConfiguration;
			baseConfigurationReference = 4B73C925C34C61BD853AEA4B /* Pods-MyDYZB.debug.xcconfig */;
			buildSettings = {
				ASSETCATALOG_COMPILER_APPICON_NAME = AppIcon;
				ASSETCATALOG_COMPILER_GLOBAL_ACCENT_COLOR_NAME = AccentColor;
				ASSETCATALOG_COMPILER_LAUNCHIMAGE_NAME = LaunchImage;
				CODE_SIGN_STYLE = Automatic;
				DEVELOPMENT_TEAM = 9B2Y6DGC8M;
				INFOPLIST_FILE = MyDYZB/Info.plist;
				LD_RUNPATH_SEARCH_PATHS = (
					"$(inherited)",
					"@executable_path/Frameworks",
				);
				PRODUCT_BUNDLE_IDENTIFIER = cn.rwx850.fdyzb;
				PRODUCT_NAME = "$(TARGET_NAME)";
				SWIFT_VERSION = 5.0;
				TARGETED_DEVICE_FAMILY = 1;
			};
			name = Debug;
		};
		D47714BE2545869900155526 /* Release */ = {
			isa = XCBuildConfiguration;
			baseConfigurationReference = E8988C3FF5BA3F62808851E3 /* Pods-MyDYZB.release.xcconfig */;
			buildSettings = {
				ASSETCATALOG_COMPILER_APPICON_NAME = AppIcon;
				ASSETCATALOG_COMPILER_GLOBAL_ACCENT_COLOR_NAME = AccentColor;
				ASSETCATALOG_COMPILER_LAUNCHIMAGE_NAME = LaunchImage;
				CODE_SIGN_STYLE = Automatic;
				DEVELOPMENT_TEAM = 9B2Y6DGC8M;
				INFOPLIST_FILE = MyDYZB/Info.plist;
				LD_RUNPATH_SEARCH_PATHS = (
					"$(inherited)",
					"@executable_path/Frameworks",
				);
				PRODUCT_BUNDLE_IDENTIFIER = cn.rwx850.fdyzb;
				PRODUCT_NAME = "$(TARGET_NAME)";
				SWIFT_VERSION = 5.0;
				TARGETED_DEVICE_FAMILY = 1;
			};
			name = Release;
		};
		D47714C02545869900155526 /* Debug */ = {
			isa = XCBuildConfiguration;
			buildSettings = {
				ALWAYS_EMBED_SWIFT_STANDARD_LIBRARIES = YES;
				BUNDLE_LOADER = "$(TEST_HOST)";
				CODE_SIGN_STYLE = Automatic;
				DEVELOPMENT_TEAM = 9B2Y6DGC8M;
				INFOPLIST_FILE = MyDYZBTests/Info.plist;
				IPHONEOS_DEPLOYMENT_TARGET = 14.0;
				LD_RUNPATH_SEARCH_PATHS = (
					"$(inherited)",
					"@executable_path/Frameworks",
					"@loader_path/Frameworks",
				);
				PRODUCT_BUNDLE_IDENTIFIER = cn.rwx850.MyDYZBTests;
				PRODUCT_NAME = "$(TARGET_NAME)";
				SWIFT_VERSION = 5.0;
				TARGETED_DEVICE_FAMILY = "1,2";
				TEST_HOST = "$(BUILT_PRODUCTS_DIR)/MyDYZB.app/MyDYZB";
			};
			name = Debug;
		};
		D47714C12545869900155526 /* Release */ = {
			isa = XCBuildConfiguration;
			buildSettings = {
				ALWAYS_EMBED_SWIFT_STANDARD_LIBRARIES = YES;
				BUNDLE_LOADER = "$(TEST_HOST)";
				CODE_SIGN_STYLE = Automatic;
				DEVELOPMENT_TEAM = 9B2Y6DGC8M;
				INFOPLIST_FILE = MyDYZBTests/Info.plist;
				IPHONEOS_DEPLOYMENT_TARGET = 14.0;
				LD_RUNPATH_SEARCH_PATHS = (
					"$(inherited)",
					"@executable_path/Frameworks",
					"@loader_path/Frameworks",
				);
				PRODUCT_BUNDLE_IDENTIFIER = cn.rwx850.MyDYZBTests;
				PRODUCT_NAME = "$(TARGET_NAME)";
				SWIFT_VERSION = 5.0;
				TARGETED_DEVICE_FAMILY = "1,2";
				TEST_HOST = "$(BUILT_PRODUCTS_DIR)/MyDYZB.app/MyDYZB";
			};
			name = Release;
		};
		D47714C32545869900155526 /* Debug */ = {
			isa = XCBuildConfiguration;
			buildSettings = {
				ALWAYS_EMBED_SWIFT_STANDARD_LIBRARIES = YES;
				CODE_SIGN_STYLE = Automatic;
				DEVELOPMENT_TEAM = 9B2Y6DGC8M;
				INFOPLIST_FILE = MyDYZBUITests/Info.plist;
				LD_RUNPATH_SEARCH_PATHS = (
					"$(inherited)",
					"@executable_path/Frameworks",
					"@loader_path/Frameworks",
				);
				PRODUCT_BUNDLE_IDENTIFIER = cn.rwx850.MyDYZBUITests;
				PRODUCT_NAME = "$(TARGET_NAME)";
				SWIFT_VERSION = 5.0;
				TARGETED_DEVICE_FAMILY = "1,2";
				TEST_TARGET_NAME = MyDYZB;
			};
			name = Debug;
		};
		D47714C42545869900155526 /* Release */ = {
			isa = XCBuildConfiguration;
			buildSettings = {
				ALWAYS_EMBED_SWIFT_STANDARD_LIBRARIES = YES;
				CODE_SIGN_STYLE = Automatic;
				DEVELOPMENT_TEAM = 9B2Y6DGC8M;
				INFOPLIST_FILE = MyDYZBUITests/Info.plist;
				LD_RUNPATH_SEARCH_PATHS = (
					"$(inherited)",
					"@executable_path/Frameworks",
					"@loader_path/Frameworks",
				);
				PRODUCT_BUNDLE_IDENTIFIER = cn.rwx850.MyDYZBUITests;
				PRODUCT_NAME = "$(TARGET_NAME)";
				SWIFT_VERSION = 5.0;
				TARGETED_DEVICE_FAMILY = "1,2";
				TEST_TARGET_NAME = MyDYZB;
			};
			name = Release;
		};
/* End XCBuildConfiguration section */

/* Begin XCConfigurationList section */
		D477148D2545869600155526 /* Build configuration list for PBXProject "MyDYZB" */ = {
			isa = XCConfigurationList;
			buildConfigurations = (
				D47714BA2545869900155526 /* Debug */,
				D47714BB2545869900155526 /* Release */,
			);
			defaultConfigurationIsVisible = 0;
			defaultConfigurationName = Release;
		};
		D47714BC2545869900155526 /* Build configuration list for PBXNativeTarget "MyDYZB" */ = {
			isa = XCConfigurationList;
			buildConfigurations = (
				D47714BD2545869900155526 /* Debug */,
				D47714BE2545869900155526 /* Release */,
			);
			defaultConfigurationIsVisible = 0;
			defaultConfigurationName = Release;
		};
		D47714BF2545869900155526 /* Build configuration list for PBXNativeTarget "MyDYZBTests" */ = {
			isa = XCConfigurationList;
			buildConfigurations = (
				D47714C02545869900155526 /* Debug */,
				D47714C12545869900155526 /* Release */,
			);
			defaultConfigurationIsVisible = 0;
			defaultConfigurationName = Release;
		};
		D47714C22545869900155526 /* Build configuration list for PBXNativeTarget "MyDYZBUITests" */ = {
			isa = XCConfigurationList;
			buildConfigurations = (
				D47714C32545869900155526 /* Debug */,
				D47714C42545869900155526 /* Release */,
			);
			defaultConfigurationIsVisible = 0;
			defaultConfigurationName = Release;
		};
/* End XCConfigurationList section */
	};
	rootObject = D477148A2545869600155526 /* Project object */;
}
