// !$*UTF8*$!
{
	archiveVersion = 1;
	classes = {
	};
	objectVersion = 50;
	objects = {

/* Begin PBXBuildFile section */
		D47714962545869600155526 /* AppDelegate.swift in Sources */ = {isa = PBXBuildFile; fileRef = D47714952545869600155526 /* AppDelegate.swift */; };
		D47714982545869600155526 /* SceneDelegate.swift in Sources */ = {isa = PBXBuildFile; fileRef = D47714972545869600155526 /* SceneDelegate.swift */; };
		D477149F2545869900155526 /* Assets.xcassets in Resources */ = {isa = PBXBuildFile; fileRef = D477149E2545869900155526 /* Assets.xcassets */; };
		D47714A22545869900155526 /* LaunchScreen.storyboard in Resources */ = {isa = PBXBuildFile; fileRef = D47714A02545869900155526 /* LaunchScreen.storyboard */; };
		D47714AD2545869900155526 /* MyDYZBTests.swift in Sources */ = {isa = PBXBuildFile; fileRef = D47714AC2545869900155526 /* MyDYZBTests.swift */; };
		D47714B82545869900155526 /* MyDYZBUITests.swift in Sources */ = {isa = PBXBuildFile; fileRef = D47714B72545869900155526 /* MyDYZBUITests.swift */; };
		D477151C2545AADA00155526 /* MainTabBarController.swift in Sources */ = {isa = PBXBuildFile; fileRef = D47715192545AADA00155526 /* MainTabBarController.swift */; };
		D477153A2545AC0000155526 /* Main.storyboard in Resources */ = {isa = PBXBuildFile; fileRef = D47715382545AC0000155526 /* Main.storyboard */; };
		D47715492545AD5E00155526 /* Home.storyboard in Resources */ = {isa = PBXBuildFile; fileRef = D47715472545AD5E00155526 /* Home.storyboard */; };
		D47715792545AF9700155526 /* Profile.storyboard in Resources */ = {isa = PBXBuildFile; fileRef = D47715772545AF9700155526 /* Profile.storyboard */; };
		D477157E2545B1C100155526 /* HomeViewController.swift in Sources */ = {isa = PBXBuildFile; fileRef = D477157D2545B1C100155526 /* HomeViewController.swift */; };
		D477158B2545B2A100155526 /* Live.storyboard in Resources */ = {isa = PBXBuildFile; fileRef = D47715892545B2A100155526 /* Live.storyboard */; };
		D47715902545B2BB00155526 /* LiveViewController.swift in Sources */ = {isa = PBXBuildFile; fileRef = D477158F2545B2BB00155526 /* LiveViewController.swift */; };
		D47715982545B32C00155526 /* FollowViewController.swift in Sources */ = {isa = PBXBuildFile; fileRef = D47715972545B32C00155526 /* FollowViewController.swift */; };
		D47715A02545B34700155526 /* ProfileViewController.swift in Sources */ = {isa = PBXBuildFile; fileRef = D477159F2545B34700155526 /* ProfileViewController.swift */; };
		D47715A62545B3E300155526 /* Follow.storyboard in Resources */ = {isa = PBXBuildFile; fileRef = D47715A42545B3E200155526 /* Follow.storyboard */; };
		D47715AC2545BE4D00155526 /* UIBarButton+Extension.swift in Sources */ = {isa = PBXBuildFile; fileRef = D47715AB2545BE4D00155526 /* UIBarButton+Extension.swift */; };
/* End PBXBuildFile section */

/* Begin PBXContainerItemProxy section */
		D47714A92545869900155526 /* PBXContainerItemProxy */ = {
			isa = PBXContainerItemProxy;
			containerPortal = D477148A2545869600155526 /* Project object */;
			proxyType = 1;
			remoteGlobalIDString = D47714912545869600155526;
			remoteInfo = MyDYZB;
		};
		D47714B42545869900155526 /* PBXContainerItemProxy */ = {
			isa = PBXContainerItemProxy;
			containerPortal = D477148A2545869600155526 /* Project object */;
			proxyType = 1;
			remoteGlobalIDString = D47714912545869600155526;
			remoteInfo = MyDYZB;
		};
/* End PBXContainerItemProxy section */

/* Begin PBXFileReference section */
		D47714922545869600155526 /* MyDYZB.app */ = {isa = PBXFileReference; explicitFileType = wrapper.application; includeInIndex = 0; path = MyDYZB.app; sourceTree = BUILT_PRODUCTS_DIR; };
		D47714952545869600155526 /* AppDelegate.swift */ = {isa = PBXFileReference; lastKnownFileType = sourcecode.swift; path = AppDelegate.swift; sourceTree = "<group>"; };
		D47714972545869600155526 /* SceneDelegate.swift */ = {isa = PBXFileReference; lastKnownFileType = sourcecode.swift; path = SceneDelegate.swift; sourceTree = "<group>"; };
		D477149E2545869900155526 /* Assets.xcassets */ = {isa = PBXFileReference; lastKnownFileType = folder.assetcatalog; path = Assets.xcassets; sourceTree = "<group>"; };
		D47714A12545869900155526 /* Base */ = {isa = PBXFileReference; lastKnownFileType = file.storyboard; name = Base; path = Base.lproj/LaunchScreen.storyboard; sourceTree = "<group>"; };
		D47714A32545869900155526 /* Info.plist */ = {isa = PBXFileReference; lastKnownFileType = text.plist.xml; path = Info.plist; sourceTree = "<group>"; };
		D47714A82545869900155526 /* MyDYZBTests.xctest */ = {isa = PBXFileReference; explicitFileType = wrapper.cfbundle; includeInIndex = 0; path = MyDYZBTests.xctest; sourceTree = BUILT_PRODUCTS_DIR; };
		D47714AC2545869900155526 /* MyDYZBTests.swift */ = {isa = PBXFileReference; lastKnownFileType = sourcecode.swift; path = MyDYZBTests.swift; sourceTree = "<group>"; };
		D47714AE2545869900155526 /* Info.plist */ = {isa = PBXFileReference; lastKnownFileType = text.plist.xml; path = Info.plist; sourceTree = "<group>"; };
		D47714B32545869900155526 /* MyDYZBUITests.xctest */ = {isa = PBXFileReference; explicitFileType = wrapper.cfbundle; includeInIndex = 0; path = MyDYZBUITests.xctest; sourceTree = BUILT_PRODUCTS_DIR; };
		D47714B72545869900155526 /* MyDYZBUITests.swift */ = {isa = PBXFileReference; lastKnownFileType = sourcecode.swift; path = MyDYZBUITests.swift; sourceTree = "<group>"; };
		D47714B92545869900155526 /* Info.plist */ = {isa = PBXFileReference; lastKnownFileType = text.plist.xml; path = Info.plist; sourceTree = "<group>"; };
		D47715192545AADA00155526 /* MainTabBarController.swift */ = {isa = PBXFileReference; fileEncoding = 4; lastKnownFileType = sourcecode.swift; path = MainTabBarController.swift; sourceTree = "<group>"; };
		D47715392545AC0000155526 /* Base */ = {isa = PBXFileReference; lastKnownFileType = file.storyboard; name = Base; path = MyDYZB/Base.lproj/Main.storyboard; sourceTree = SOURCE_ROOT; };
		D47715482545AD5E00155526 /* Base */ = {isa = PBXFileReference; lastKnownFileType = file.storyboard; name = Base; path = MyDYZB/Base.lproj/Home.storyboard; sourceTree = SOURCE_ROOT; };
		D47715782545AF9700155526 /* Base */ = {isa = PBXFileReference; lastKnownFileType = file.storyboard; name = Base; path = MyDYZB/Base.lproj/Profile.storyboard; sourceTree = SOURCE_ROOT; };
		D477157D2545B1C100155526 /* HomeViewController.swift */ = {isa = PBXFileReference; lastKnownFileType = sourcecode.swift; path = HomeViewController.swift; sourceTree = "<group>"; };
		D477158A2545B2A100155526 /* Base */ = {isa = PBXFileReference; lastKnownFileType = file.storyboard; name = Base; path = MyDYZB/Base.lproj/Live.storyboard; sourceTree = SOURCE_ROOT; };
		D477158F2545B2BB00155526 /* LiveViewController.swift */ = {isa = PBXFileReference; lastKnownFileType = sourcecode.swift; path = LiveViewController.swift; sourceTree = "<group>"; };
		D47715972545B32C00155526 /* FollowViewController.swift */ = {isa = PBXFileReference; lastKnownFileType = sourcecode.swift; name = FollowViewController.swift; path = MyDYZB/Classes/Follow/Controller/FollowViewController.swift; sourceTree = SOURCE_ROOT; };
		D477159F2545B34700155526 /* ProfileViewController.swift */ = {isa = PBXFileReference; lastKnownFileType = sourcecode.swift; path = ProfileViewController.swift; sourceTree = "<group>"; };
		D47715A52545B3E200155526 /* Base */ = {isa = PBXFileReference; lastKnownFileType = file.storyboard; name = Base; path = MyDYZB/Base.lproj/Follow.storyboard; sourceTree = SOURCE_ROOT; };
		D47715AB2545BE4D00155526 /* UIBarButton+Extension.swift */ = {isa = PBXFileReference; lastKnownFileType = sourcecode.swift; path = "UIBarButton+Extension.swift"; sourceTree = "<group>"; };
/* End PBXFileReference section */

/* Begin PBXFrameworksBuildPhase section */
		D477148F2545869600155526 /* Frameworks */ = {
			isa = PBXFrameworksBuildPhase;
			buildActionMask = 2147483647;
			files = (
			);
			runOnlyForDeploymentPostprocessing = 0;
		};
		D47714A52545869900155526 /* Frameworks */ = {
			isa = PBXFrameworksBuildPhase;
			buildActionMask = 2147483647;
			files = (
			);
			runOnlyForDeploymentPostprocessing = 0;
		};
		D47714B02545869900155526 /* Frameworks */ = {
			isa = PBXFrameworksBuildPhase;
			buildActionMask = 2147483647;
			files = (
			);
			runOnlyForDeploymentPostprocessing = 0;
		};
/* End PBXFrameworksBuildPhase section */

/* Begin PBXGroup section */
		D47714892545869600155526 = {
			isa = PBXGroup;
			children = (
				D47714942545869600155526 /* MyDYZB */,
				D47714AB2545869900155526 /* MyDYZBTests */,
				D47714B62545869900155526 /* MyDYZBUITests */,
				D47714932545869600155526 /* Products */,
			);
			sourceTree = "<group>";
		};
		D47714932545869600155526 /* Products */ = {
			isa = PBXGroup;
			children = (
				D47714922545869600155526 /* MyDYZB.app */,
				D47714A82545869900155526 /* MyDYZBTests.xctest */,
				D47714B32545869900155526 /* MyDYZBUITests.xctest */,
			);
			name = Products;
			sourceTree = "<group>";
		};
		D47714942545869600155526 /* MyDYZB */ = {
			isa = PBXGroup;
			children = (
				D47714D725458D9800155526 /* Classes */,
				D47714952545869600155526 /* AppDelegate.swift */,
				D47714972545869600155526 /* SceneDelegate.swift */,
				D477149E2545869900155526 /* Assets.xcassets */,
				D47714A02545869900155526 /* LaunchScreen.storyboard */,
				D47714A32545869900155526 /* Info.plist */,
			);
			path = MyDYZB;
			sourceTree = "<group>";
		};
		D47714AB2545869900155526 /* MyDYZBTests */ = {
			isa = PBXGroup;
			children = (
				D47714AC2545869900155526 /* MyDYZBTests.swift */,
				D47714AE2545869900155526 /* Info.plist */,
			);
			path = MyDYZBTests;
			sourceTree = "<group>";
		};
		D47714B62545869900155526 /* MyDYZBUITests */ = {
			isa = PBXGroup;
			children = (
				D47714B72545869900155526 /* MyDYZBUITests.swift */,
				D47714B92545869900155526 /* Info.plist */,
			);
			path = MyDYZBUITests;
			sourceTree = "<group>";
		};
		D47714D725458D9800155526 /* Classes */ = {
			isa = PBXGroup;
			children = (
				D47714DD25458D9800155526 /* Main */,
				D47714D825458D9800155526 /* Home */,
				D47714DC25458D9800155526 /* Live */,
				D47714DA25458D9800155526 /* Follow */,
				D47714DB25458D9800155526 /* Profile */,
				D47714D925458D9800155526 /* Tools */,
			);
			path = Classes;
			sourceTree = "<group>";
		};
		D47714D825458D9800155526 /* Home */ = {
			isa = PBXGroup;
			children = (
				D477152E2545AB1B00155526 /* Model */,
				D477152D2545AB1B00155526 /* View */,
				D477152C2545AB1B00155526 /* Controller */,
			);
			path = Home;
			sourceTree = "<group>";
		};
		D47714D925458D9800155526 /* Tools */ = {
			isa = PBXGroup;
			children = (
				D47715AA2545BE1700155526 /* Extension */,
			);
			path = Tools;
			sourceTree = "<group>";
		};
		D47714DA25458D9800155526 /* Follow */ = {
			isa = PBXGroup;
			children = (
				D47715312545AB2F00155526 /* Model */,
				D477152F2545AB2F00155526 /* View */,
				D47715302545AB2F00155526 /* Controller */,
			);
			path = Follow;
			sourceTree = "<group>";
		};
		D47714DB25458D9800155526 /* Profile */ = {
			isa = PBXGroup;
			children = (
				D47715332545AB3A00155526 /* Model */,
				D47715342545AB3A00155526 /* View */,
				D47715322545AB3A00155526 /* Controller */,
			);
			path = Profile;
			sourceTree = "<group>";
		};
		D47714DC25458D9800155526 /* Live */ = {
			isa = PBXGroup;
			children = (
				D47715612545AE7A00155526 /* Model */,
				D477155F2545AE7A00155526 /* View */,
				D47715882545B28100155526 /* Controller */,
			);
			path = Live;
			sourceTree = "<group>";
		};
		D47714DD25458D9800155526 /* Main */ = {
			isa = PBXGroup;
			children = (
				D477151A2545AADA00155526 /* Model */,
				D477151B2545AADA00155526 /* View */,
				D47715182545AADA00155526 /* Controller */,
			);
			path = Main;
			sourceTree = "<group>";
		};
		D47715182545AADA00155526 /* Controller */ = {
			isa = PBXGroup;
			children = (
				D47715192545AADA00155526 /* MainTabBarController.swift */,
				D47715382545AC0000155526 /* Main.storyboard */,
			);
			path = Controller;
			sourceTree = "<group>";
		};
		D477151A2545AADA00155526 /* Model */ = {
			isa = PBXGroup;
			children = (
			);
			path = Model;
			sourceTree = "<group>";
		};
		D477151B2545AADA00155526 /* View */ = {
			isa = PBXGroup;
			children = (
			);
			path = View;
			sourceTree = "<group>";
		};
		D477152C2545AB1B00155526 /* Controller */ = {
			isa = PBXGroup;
			children = (
				D47715472545AD5E00155526 /* Home.storyboard */,
				D477157D2545B1C100155526 /* HomeViewController.swift */,
			);
			path = Controller;
			sourceTree = "<group>";
		};
		D477152D2545AB1B00155526 /* View */ = {
			isa = PBXGroup;
			children = (
			);
			path = View;
			sourceTree = "<group>";
		};
		D477152E2545AB1B00155526 /* Model */ = {
			isa = PBXGroup;
			children = (
			);
			path = Model;
			sourceTree = "<group>";
		};
		D477152F2545AB2F00155526 /* View */ = {
			isa = PBXGroup;
			children = (
			);
			name = View;
			path = MyDYZB/Classes/Live/View;
			sourceTree = SOURCE_ROOT;
		};
		D47715302545AB2F00155526 /* Controller */ = {
			isa = PBXGroup;
			children = (
				D47715A42545B3E200155526 /* Follow.storyboard */,
				D47715972545B32C00155526 /* FollowViewController.swift */,
			);
			name = Controller;
			path = MyDYZB/Classes/Live/View/Controller;
			sourceTree = SOURCE_ROOT;
		};
		D47715312545AB2F00155526 /* Model */ = {
			isa = PBXGroup;
			children = (
			);
			name = Model;
			path = MyDYZB/Classes/Live/Model;
			sourceTree = SOURCE_ROOT;
		};
		D47715322545AB3A00155526 /* Controller */ = {
			isa = PBXGroup;
			children = (
				D47715772545AF9700155526 /* Profile.storyboard */,
				D477159F2545B34700155526 /* ProfileViewController.swift */,
			);
			path = Controller;
			sourceTree = "<group>";
		};
		D47715332545AB3A00155526 /* Model */ = {
			isa = PBXGroup;
			children = (
			);
			path = Model;
			sourceTree = "<group>";
		};
		D47715342545AB3A00155526 /* View */ = {
			isa = PBXGroup;
			children = (
			);
			path = View;
			sourceTree = "<group>";
		};
		D477155F2545AE7A00155526 /* View */ = {
			isa = PBXGroup;
			children = (
			);
			path = View;
			sourceTree = "<group>";
		};
		D47715612545AE7A00155526 /* Model */ = {
			isa = PBXGroup;
			children = (
			);
			path = Model;
			sourceTree = "<group>";
		};
		D47715882545B28100155526 /* Controller */ = {
			isa = PBXGroup;
			children = (
				D47715892545B2A100155526 /* Live.storyboard */,
				D477158F2545B2BB00155526 /* LiveViewController.swift */,
			);
			path = Controller;
			sourceTree = "<group>";
		};
		D47715AA2545BE1700155526 /* Extension */ = {
			isa = PBXGroup;
			children = (
				D47715AB2545BE4D00155526 /* UIBarButton+Extension.swift */,
			);
			path = Extension;
			sourceTree = "<group>";
		};
/* End PBXGroup section */

/* Begin PBXNativeTarget section */
		D47714912545869600155526 /* MyDYZB */ = {
			isa = PBXNativeTarget;
			buildConfigurationList = D47714BC2545869900155526 /* Build configuration list for PBXNativeTarget "MyDYZB" */;
			buildPhases = (
				D477148E2545869600155526 /* Sources */,
				D477148F2545869600155526 /* Frameworks */,
				D47714902545869600155526 /* Resources */,
			);
			buildRules = (
			);
			dependencies = (
			);
			name = MyDYZB;
			productName = MyDYZB;
			productReference = D47714922545869600155526 /* MyDYZB.app */;
			productType = "com.apple.product-type.application";
		};
		D47714A72545869900155526 /* MyDYZBTests */ = {
			isa = PBXNativeTarget;
			buildConfigurationList = D47714BF2545869900155526 /* Build configuration list for PBXNativeTarget "MyDYZBTests" */;
			buildPhases = (
				D47714A42545869900155526 /* Sources */,
				D47714A52545869900155526 /* Frameworks */,
				D47714A62545869900155526 /* Resources */,
			);
			buildRules = (
			);
			dependencies = (
				D47714AA2545869900155526 /* PBXTargetDependency */,
			);
			name = MyDYZBTests;
			productName = MyDYZBTests;
			productReference = D47714A82545869900155526 /* MyDYZBTests.xctest */;
			productType = "com.apple.product-type.bundle.unit-test";
		};
		D47714B22545869900155526 /* MyDYZBUITests */ = {
			isa = PBXNativeTarget;
			buildConfigurationList = D47714C22545869900155526 /* Build configuration list for PBXNativeTarget "MyDYZBUITests" */;
			buildPhases = (
				D47714AF2545869900155526 /* Sources */,
				D47714B02545869900155526 /* Frameworks */,
				D47714B12545869900155526 /* Resources */,
			);
			buildRules = (
			);
			dependencies = (
				D47714B52545869900155526 /* PBXTargetDependency */,
			);
			name = MyDYZBUITests;
			productName = MyDYZBUITests;
			productReference = D47714B32545869900155526 /* MyDYZBUITests.xctest */;
			productType = "com.apple.product-type.bundle.ui-testing";
		};
/* End PBXNativeTarget section */

/* Begin PBXProject section */
		D477148A2545869600155526 /* Project object */ = {
			isa = PBXProject;
			attributes = {
				LastSwiftUpdateCheck = 1200;
				LastUpgradeCheck = 1200;
				TargetAttributes = {
					D47714912545869600155526 = {
						CreatedOnToolsVersion = 12.0.1;
					};
					D47714A72545869900155526 = {
						CreatedOnToolsVersion = 12.0.1;
						TestTargetID = D47714912545869600155526;
					};
					D47714B22545869900155526 = {
						CreatedOnToolsVersion = 12.0.1;
						TestTargetID = D47714912545869600155526;
					};
				};
			};
			buildConfigurationList = D477148D2545869600155526 /* Build configuration list for PBXProject "MyDYZB" */;
			compatibilityVersion = "Xcode 9.3";
			developmentRegion = en;
			hasScannedForEncodings = 0;
			knownRegions = (
				en,
				Base,
			);
			mainGroup = D47714892545869600155526;
			productRefGroup = D47714932545869600155526 /* Products */;
			projectDirPath = "";
			projectRoot = "";
			targets = (
				D47714912545869600155526 /* MyDYZB */,
				D47714A72545869900155526 /* MyDYZBTests */,
				D47714B22545869900155526 /* MyDYZBUITests */,
			);
		};
/* End PBXProject section */

/* Begin PBXResourcesBuildPhase section */
		D47714902545869600155526 /* Resources */ = {
			isa = PBXResourcesBuildPhase;
			buildActionMask = 2147483647;
			files = (
				D477153A2545AC0000155526 /* Main.storyboard in Resources */,
				D47714A22545869900155526 /* LaunchScreen.storyboard in Resources */,
				D477149F2545869900155526 /* Assets.xcassets in Resources */,
				D47715492545AD5E00155526 /* Home.storyboard in Resources */,
				D47715A62545B3E300155526 /* Follow.storyboard in Resources */,
				D47715792545AF9700155526 /* Profile.storyboard in Resources */,
				D477158B2545B2A100155526 /* Live.storyboard in Resources */,
			);
			runOnlyForDeploymentPostprocessing = 0;
		};
		D47714A62545869900155526 /* Resources */ = {
			isa = PBXResourcesBuildPhase;
			buildActionMask = 2147483647;
			files = (
			);
			runOnlyForDeploymentPostprocessing = 0;
		};
		D47714B12545869900155526 /* Resources */ = {
			isa = PBXResourcesBuildPhase;
			buildActionMask = 2147483647;
			files = (
			);
			runOnlyForDeploymentPostprocessing = 0;
		};
/* End PBXResourcesBuildPhase section */

/* Begin PBXSourcesBuildPhase section */
		D477148E2545869600155526 /* Sources */ = {
			isa = PBXSourcesBuildPhase;
			buildActionMask = 2147483647;
			files = (
				D47714962545869600155526 /* AppDelegate.swift in Sources */,
				D47714982545869600155526 /* SceneDelegate.swift in Sources */,
				D477151C2545AADA00155526 /* MainTabBarController.swift in Sources */,
				D47715982545B32C00155526 /* FollowViewController.swift in Sources */,
				D47715A02545B34700155526 /* ProfileViewController.swift in Sources */,
				D47715AC2545BE4D00155526 /* UIBarButton+Extension.swift in Sources */,
				D477157E2545B1C100155526 /* HomeViewController.swift in Sources */,
				D47715902545B2BB00155526 /* LiveViewController.swift in Sources */,
			);
			runOnlyForDeploymentPostprocessing = 0;
		};
		D47714A42545869900155526 /* Sources */ = {
			isa = PBXSourcesBuildPhase;
			buildActionMask = 2147483647;
			files = (
				D47714AD2545869900155526 /* MyDYZBTests.swift in Sources */,
			);
			runOnlyForDeploymentPostprocessing = 0;
		};
		D47714AF2545869900155526 /* Sources */ = {
			isa = PBXSourcesBuildPhase;
			buildActionMask = 2147483647;
			files = (
				D47714B82545869900155526 /* MyDYZBUITests.swift in Sources */,
			);
			runOnlyForDeploymentPostprocessing = 0;
		};
/* End PBXSourcesBuildPhase section */

/* Begin PBXTargetDependency section */
		D47714AA2545869900155526 /* PBXTargetDependency */ = {
			isa = PBXTargetDependency;
			target = D47714912545869600155526 /* MyDYZB */;
			targetProxy = D47714A92545869900155526 /* PBXContainerItemProxy */;
		};
		D47714B52545869900155526 /* PBXTargetDependency */ = {
			isa = PBXTargetDependency;
			target = D47714912545869600155526 /* MyDYZB */;
			targetProxy = D47714B42545869900155526 /* PBXContainerItemProxy */;
		};
/* End PBXTargetDependency section */

/* Begin PBXVariantGroup section */
		D47714A02545869900155526 /* LaunchScreen.storyboard */ = {
			isa = PBXVariantGroup;
			children = (
				D47714A12545869900155526 /* Base */,
			);
			name = LaunchScreen.storyboard;
			sourceTree = "<group>";
		};
		D47715382545AC0000155526 /* Main.storyboard */ = {
			isa = PBXVariantGroup;
			children = (
				D47715392545AC0000155526 /* Base */,
			);
			name = Main.storyboard;
			sourceTree = "<group>";
		};
		D47715472545AD5E00155526 /* Home.storyboard */ = {
			isa = PBXVariantGroup;
			children = (
				D47715482545AD5E00155526 /* Base */,
			);
			name = Home.storyboard;
			sourceTree = "<group>";
		};
		D47715772545AF9700155526 /* Profile.storyboard */ = {
			isa = PBXVariantGroup;
			children = (
				D47715782545AF9700155526 /* Base */,
			);
			name = Profile.storyboard;
			sourceTree = "<group>";
		};
		D47715892545B2A100155526 /* Live.storyboard */ = {
			isa = PBXVariantGroup;
			children = (
				D477158A2545B2A100155526 /* Base */,
			);
			name = Live.storyboard;
			sourceTree = "<group>";
		};
		D47715A42545B3E200155526 /* Follow.storyboard */ = {
			isa = PBXVariantGroup;
			children = (
				D47715A52545B3E200155526 /* Base */,
			);
			name = Follow.storyboard;
			sourceTree = "<group>";
		};
/* End PBXVariantGroup section */

/* Begin XCBuildConfiguration section */
		D47714BA2545869900155526 /* Debug */ = {
			isa = XCBuildConfiguration;
			buildSettings = {
				ALWAYS_SEARCH_USER_PATHS = NO;
				CLANG_ANALYZER_NONNULL = YES;
				CLANG_ANALYZER_NUMBER_OBJECT_CONVERSION = YES_AGGRESSIVE;
				CLANG_CXX_LANGUAGE_STANDARD = "gnu++14";
				CLANG_CXX_LIBRARY = "libc++";
				CLANG_ENABLE_MODULES = YES;
				CLANG_ENABLE_OBJC_ARC = YES;
				CLANG_ENABLE_OBJC_WEAK = YES;
				CLANG_WARN_BLOCK_CAPTURE_AUTORELEASING = YES;
				CLANG_WARN_BOOL_CONVERSION = YES;
				CLANG_WARN_COMMA = YES;
				CLANG_WARN_CONSTANT_CONVERSION = YES;
				CLANG_WARN_DEPRECATED_OBJC_IMPLEMENTATIONS = YES;
				CLANG_WARN_DIRECT_OBJC_ISA_USAGE = YES_ERROR;
				CLANG_WARN_DOCUMENTATION_COMMENTS = YES;
				CLANG_WARN_EMPTY_BODY = YES;
				CLANG_WARN_ENUM_CONVERSION = YES;
				CLANG_WARN_INFINITE_RECURSION = YES;
				CLANG_WARN_INT_CONVERSION = YES;
				CLANG_WARN_NON_LITERAL_NULL_CONVERSION = YES;
				CLANG_WARN_OBJC_IMPLICIT_RETAIN_SELF = YES;
				CLANG_WARN_OBJC_LITERAL_CONVERSION = YES;
				CLANG_WARN_OBJC_ROOT_CLASS = YES_ERROR;
				CLANG_WARN_QUOTED_INCLUDE_IN_FRAMEWORK_HEADER = YES;
				CLANG_WARN_RANGE_LOOP_ANALYSIS = YES;
				CLANG_WARN_STRICT_PROTOTYPES = YES;
				CLANG_WARN_SUSPICIOUS_MOVE = YES;
				CLANG_WARN_UNGUARDED_AVAILABILITY = YES_AGGRESSIVE;
				CLANG_WARN_UNREACHABLE_CODE = YES;
				CLANG_WARN__DUPLICATE_METHOD_MATCH = YES;
				COPY_PHASE_STRIP = NO;
				DEBUG_INFORMATION_FORMAT = dwarf;
				ENABLE_STRICT_OBJC_MSGSEND = YES;
				ENABLE_TESTABILITY = YES;
				GCC_C_LANGUAGE_STANDARD = gnu11;
				GCC_DYNAMIC_NO_PIC = NO;
				GCC_NO_COMMON_BLOCKS = YES;
				GCC_OPTIMIZATION_LEVEL = 0;
				GCC_PREPROCESSOR_DEFINITIONS = (
					"DEBUG=1",
					"$(inherited)",
				);
				GCC_WARN_64_TO_32_BIT_CONVERSION = YES;
				GCC_WARN_ABOUT_RETURN_TYPE = YES_ERROR;
				GCC_WARN_UNDECLARED_SELECTOR = YES;
				GCC_WARN_UNINITIALIZED_AUTOS = YES_AGGRESSIVE;
				GCC_WARN_UNUSED_FUNCTION = YES;
				GCC_WARN_UNUSED_VARIABLE = YES;
				IPHONEOS_DEPLOYMENT_TARGET = 14.0;
				MTL_ENABLE_DEBUG_INFO = INCLUDE_SOURCE;
				MTL_FAST_MATH = YES;
				ONLY_ACTIVE_ARCH = YES;
				SDKROOT = iphoneos;
				SWIFT_ACTIVE_COMPILATION_CONDITIONS = DEBUG;
				SWIFT_OPTIMIZATION_LEVEL = "-Onone";
			};
			name = Debug;
		};
		D47714BB2545869900155526 /* Release */ = {
			isa = XCBuildConfiguration;
			buildSettings = {
				ALWAYS_SEARCH_USER_PATHS = NO;
				CLANG_ANALYZER_NONNULL = YES;
				CLANG_ANALYZER_NUMBER_OBJECT_CONVERSION = YES_AGGRESSIVE;
				CLANG_CXX_LANGUAGE_STANDARD = "gnu++14";
				CLANG_CXX_LIBRARY = "libc++";
				CLANG_ENABLE_MODULES = YES;
				CLANG_ENABLE_OBJC_ARC = YES;
				CLANG_ENABLE_OBJC_WEAK = YES;
				CLANG_WARN_BLOCK_CAPTURE_AUTORELEASING = YES;
				CLANG_WARN_BOOL_CONVERSION = YES;
				CLANG_WARN_COMMA = YES;
				CLANG_WARN_CONSTANT_CONVERSION = YES;
				CLANG_WARN_DEPRECATED_OBJC_IMPLEMENTATIONS = YES;
				CLANG_WARN_DIRECT_OBJC_ISA_USAGE = YES_ERROR;
				CLANG_WARN_DOCUMENTATION_COMMENTS = YES;
				CLANG_WARN_EMPTY_BODY = YES;
				CLANG_WARN_ENUM_CONVERSION = YES;
				CLANG_WARN_INFINITE_RECURSION = YES;
				CLANG_WARN_INT_CONVERSION = YES;
				CLANG_WARN_NON_LITERAL_NULL_CONVERSION = YES;
				CLANG_WARN_OBJC_IMPLICIT_RETAIN_SELF = YES;
				CLANG_WARN_OBJC_LITERAL_CONVERSION = YES;
				CLANG_WARN_OBJC_ROOT_CLASS = YES_ERROR;
				CLANG_WARN_QUOTED_INCLUDE_IN_FRAMEWORK_HEADER = YES;
				CLANG_WARN_RANGE_LOOP_ANALYSIS = YES;
				CLANG_WARN_STRICT_PROTOTYPES = YES;
				CLANG_WARN_SUSPICIOUS_MOVE = YES;
				CLANG_WARN_UNGUARDED_AVAILABILITY = YES_AGGRESSIVE;
				CLANG_WARN_UNREACHABLE_CODE = YES;
				CLANG_WARN__DUPLICATE_METHOD_MATCH = YES;
				COPY_PHASE_STRIP = NO;
				DEBUG_INFORMATION_FORMAT = "dwarf-with-dsym";
				ENABLE_NS_ASSERTIONS = NO;
				ENABLE_STRICT_OBJC_MSGSEND = YES;
				GCC_C_LANGUAGE_STANDARD = gnu11;
				GCC_NO_COMMON_BLOCKS = YES;
				GCC_WARN_64_TO_32_BIT_CONVERSION = YES;
				GCC_WARN_ABOUT_RETURN_TYPE = YES_ERROR;
				GCC_WARN_UNDECLARED_SELECTOR = YES;
				GCC_WARN_UNINITIALIZED_AUTOS = YES_AGGRESSIVE;
				GCC_WARN_UNUSED_FUNCTION = YES;
				GCC_WARN_UNUSED_VARIABLE = YES;
				IPHONEOS_DEPLOYMENT_TARGET = 14.0;
				MTL_ENABLE_DEBUG_INFO = NO;
				MTL_FAST_MATH = YES;
				SDKROOT = iphoneos;
				SWIFT_COMPILATION_MODE = wholemodule;
				SWIFT_OPTIMIZATION_LEVEL = "-O";
				VALIDATE_PRODUCT = YES;
			};
			name = Release;
		};
		D47714BD2545869900155526 /* Debug */ = {
			isa = XCBuildConfiguration;
			buildSettings = {
				ASSETCATALOG_COMPILER_APPICON_NAME = AppIcon;
				ASSETCATALOG_COMPILER_GLOBAL_ACCENT_COLOR_NAME = AccentColor;
				ASSETCATALOG_COMPILER_LAUNCHIMAGE_NAME = LaunchImage;
				CODE_SIGN_STYLE = Automatic;
				DEVELOPMENT_TEAM = 9B2Y6DGC8M;
				INFOPLIST_FILE = MyDYZB/Info.plist;
				LD_RUNPATH_SEARCH_PATHS = (
					"$(inherited)",
					"@executable_path/Frameworks",
				);
				PRODUCT_BUNDLE_IDENTIFIER = cn.rwx850.fdyzb;
				PRODUCT_NAME = "$(TARGET_NAME)";
				SWIFT_VERSION = 5.0;
				TARGETED_DEVICE_FAMILY = 1;
			};
			name = Debug;
		};
		D47714BE2545869900155526 /* Release */ = {
			isa = XCBuildConfiguration;
			buildSettings = {
				ASSETCATALOG_COMPILER_APPICON_NAME = AppIcon;
				ASSETCATALOG_COMPILER_GLOBAL_ACCENT_COLOR_NAME = AccentColor;
				ASSETCATALOG_COMPILER_LAUNCHIMAGE_NAME = LaunchImage;
				CODE_SIGN_STYLE = Automatic;
				DEVELOPMENT_TEAM = 9B2Y6DGC8M;
				INFOPLIST_FILE = MyDYZB/Info.plist;
				LD_RUNPATH_SEARCH_PATHS = (
					"$(inherited)",
					"@executable_path/Frameworks",
				);
				PRODUCT_BUNDLE_IDENTIFIER = cn.rwx850.fdyzb;
				PRODUCT_NAME = "$(TARGET_NAME)";
				SWIFT_VERSION = 5.0;
				TARGETED_DEVICE_FAMILY = 1;
			};
			name = Release;
		};
		D47714C02545869900155526 /* Debug */ = {
			isa = XCBuildConfiguration;
			buildSettings = {
				ALWAYS_EMBED_SWIFT_STANDARD_LIBRARIES = YES;
				BUNDLE_LOADER = "$(TEST_HOST)";
				CODE_SIGN_STYLE = Automatic;
				DEVELOPMENT_TEAM = 9B2Y6DGC8M;
				INFOPLIST_FILE = MyDYZBTests/Info.plist;
				IPHONEOS_DEPLOYMENT_TARGET = 14.0;
				LD_RUNPATH_SEARCH_PATHS = (
					"$(inherited)",
					"@executable_path/Frameworks",
					"@loader_path/Frameworks",
				);
				PRODUCT_BUNDLE_IDENTIFIER = cn.rwx850.MyDYZBTests;
				PRODUCT_NAME = "$(TARGET_NAME)";
				SWIFT_VERSION = 5.0;
				TARGETED_DEVICE_FAMILY = "1,2";
				TEST_HOST = "$(BUILT_PRODUCTS_DIR)/MyDYZB.app/MyDYZB";
			};
			name = Debug;
		};
		D47714C12545869900155526 /* Release */ = {
			isa = XCBuildConfiguration;
			buildSettings = {
				ALWAYS_EMBED_SWIFT_STANDARD_LIBRARIES = YES;
				BUNDLE_LOADER = "$(TEST_HOST)";
				CODE_SIGN_STYLE = Automatic;
				DEVELOPMENT_TEAM = 9B2Y6DGC8M;
				INFOPLIST_FILE = MyDYZBTests/Info.plist;
				IPHONEOS_DEPLOYMENT_TARGET = 14.0;
				LD_RUNPATH_SEARCH_PATHS = (
					"$(inherited)",
					"@executable_path/Frameworks",
					"@loader_path/Frameworks",
				);
				PRODUCT_BUNDLE_IDENTIFIER = cn.rwx850.MyDYZBTests;
				PRODUCT_NAME = "$(TARGET_NAME)";
				SWIFT_VERSION = 5.0;
				TARGETED_DEVICE_FAMILY = "1,2";
				TEST_HOST = "$(BUILT_PRODUCTS_DIR)/MyDYZB.app/MyDYZB";
			};
			name = Release;
		};
		D47714C32545869900155526 /* Debug */ = {
			isa = XCBuildConfiguration;
			buildSettings = {
				ALWAYS_EMBED_SWIFT_STANDARD_LIBRARIES = YES;
				CODE_SIGN_STYLE = Automatic;
				DEVELOPMENT_TEAM = 9B2Y6DGC8M;
				INFOPLIST_FILE = MyDYZBUITests/Info.plist;
				LD_RUNPATH_SEARCH_PATHS = (
					"$(inherited)",
					"@executable_path/Frameworks",
					"@loader_path/Frameworks",
				);
				PRODUCT_BUNDLE_IDENTIFIER = cn.rwx850.MyDYZBUITests;
				PRODUCT_NAME = "$(TARGET_NAME)";
				SWIFT_VERSION = 5.0;
				TARGETED_DEVICE_FAMILY = "1,2";
				TEST_TARGET_NAME = MyDYZB;
			};
			name = Debug;
		};
		D47714C42545869900155526 /* Release */ = {
			isa = XCBuildConfiguration;
			buildSettings = {
				ALWAYS_EMBED_SWIFT_STANDARD_LIBRARIES = YES;
				CODE_SIGN_STYLE = Automatic;
				DEVELOPMENT_TEAM = 9B2Y6DGC8M;
				INFOPLIST_FILE = MyDYZBUITests/Info.plist;
				LD_RUNPATH_SEARCH_PATHS = (
					"$(inherited)",
					"@executable_path/Frameworks",
					"@loader_path/Frameworks",
				);
				PRODUCT_BUNDLE_IDENTIFIER = cn.rwx850.MyDYZBUITests;
				PRODUCT_NAME = "$(TARGET_NAME)";
				SWIFT_VERSION = 5.0;
				TARGETED_DEVICE_FAMILY = "1,2";
				TEST_TARGET_NAME = MyDYZB;
			};
			name = Release;
		};
/* End XCBuildConfiguration section */

/* Begin XCConfigurationList section */
		D477148D2545869600155526 /* Build configuration list for PBXProject "MyDYZB" */ = {
			isa = XCConfigurationList;
			buildConfigurations = (
				D47714BA2545869900155526 /* Debug */,
				D47714BB2545869900155526 /* Release */,
			);
			defaultConfigurationIsVisible = 0;
			defaultConfigurationName = Release;
		};
		D47714BC2545869900155526 /* Build configuration list for PBXNativeTarget "MyDYZB" */ = {
			isa = XCConfigurationList;
			buildConfigurations = (
				D47714BD2545869900155526 /* Debug */,
				D47714BE2545869900155526 /* Release */,
			);
			defaultConfigurationIsVisible = 0;
			defaultConfigurationName = Release;
		};
		D47714BF2545869900155526 /* Build configuration list for PBXNativeTarget "MyDYZBTests" */ = {
			isa = XCConfigurationList;
			buildConfigurations = (
				D47714C02545869900155526 /* Debug */,
				D47714C12545869900155526 /* Release */,
			);
			defaultConfigurationIsVisible = 0;
			defaultConfigurationName = Release;
		};
		D47714C22545869900155526 /* Build configuration list for PBXNativeTarget "MyDYZBUITests" */ = {
			isa = XCConfigurationList;
			buildConfigurations = (
				D47714C32545869900155526 /* Debug */,
				D47714C42545869900155526 /* Release */,
			);
			defaultConfigurationIsVisible = 0;
			defaultConfigurationName = Release;
		};
/* End XCConfigurationList section */
	};
	rootObject = D477148A2545869600155526 /* Project object */;
}
